Microsoft Visual Studio Solution File, Format Version 12.00
# Visual Studio Version 17
VisualStudioVersion = 17.0.32014.148
MinimumVisualStudioVersion = 10.0.40219.1
Project("{9A19103F-16F7-4668-BE54-9A1E7A4F7556}") = "Oqtane.ChatHubs.Client", "Client\Oqtane.ChatHubs.Client.csproj", "{AA8E58A1-CD09-4208-BF66-A8BB341FD669}"
EndProject
Project("{9A19103F-16F7-4668-BE54-9A1E7A4F7556}") = "Oqtane.ChatHubs.Server", "Server\Oqtane.ChatHubs.Server.csproj", "{04B05448-788F-433D-92C0-FED35122D45A}"
EndProject
Project("{9A19103F-16F7-4668-BE54-9A1E7A4F7556}") = "Oqtane.ChatHubs.Shared", "Shared\Oqtane.ChatHubs.Shared.csproj", "{18D73F73-D7BE-4388-85BA-FBD9AC96FCA2}"
EndProject
Project("{9A19103F-16F7-4668-BE54-9A1E7A4F7556}") = "Oqtane.ChatHubs.Package", "Package\Oqtane.ChatHubs.Package.csproj", "{C5CE512D-CBB7-4545-AF0F-9B6591A0C3A7}"
EndProject
Project("{9A19103F-16F7-4668-BE54-9A1E7A4F7556}") = "BlazorAlerts", "BlazorAlerts\BlazorAlerts.csproj", "{B5D1B551-35BD-4512-B65A-8426005EC8A2}"
EndProject
Project("{9A19103F-16F7-4668-BE54-9A1E7A4F7556}") = "BlazorWindows", "BlazorWindows\BlazorWindows.csproj", "{39C78991-3C3E-4ABC-8F9E-7FA32DDD2501}"
EndProject
Project("{9A19103F-16F7-4668-BE54-9A1E7A4F7556}") = "BlazorPager", "BlazorPager\BlazorPager.csproj", "{7DD2B998-C24D-4632-A69D-F689D406F7EE}"
EndProject
Project("{9A19103F-16F7-4668-BE54-9A1E7A4F7556}") = "BlazorDraggableList", "BlazorDraggableList\BlazorDraggableList.csproj", "{2A9E17CF-A6AE-4505-92AA-15D2D9D1E7DE}"
EndProject
Project("{9A19103F-16F7-4668-BE54-9A1E7A4F7556}") = "BlazorFileUpload", "BlazorFileUpload\BlazorFileUpload.csproj", "{54A165C3-4EAC-4E0C-854E-0174D0B42E8F}"
EndProject
Project("{9A19103F-16F7-4668-BE54-9A1E7A4F7556}") = "BlazorTabs", "BlazorTabs\BlazorTabs.csproj", "{A4837789-BDFF-47BB-B8DF-BD7C98B53464}"
EndProject
Project("{9A19103F-16F7-4668-BE54-9A1E7A4F7556}") = "BlazorModal", "BlazorModal\BlazorModal.csproj", "{D050FC12-D08B-4533-BEA3-97611DD465E3}"
EndProject
Project("{9A19103F-16F7-4668-BE54-9A1E7A4F7556}") = "BlazorSelect", "BlazorSelect\BlazorSelect.csproj", "{965CF4D8-EB3C-4831-884E-080C93926BE7}"
EndProject
Project("{9A19103F-16F7-4668-BE54-9A1E7A4F7556}") = "BlazorAccordion", "BlazorAccordion\BlazorAccordion.csproj", "{5E931E10-F983-4CAB-90BA-CB3F26DCD9CA}"
EndProject
Project("{9A19103F-16F7-4668-BE54-9A1E7A4F7556}") = "BlazorTabMenu", "BlazorTabMenu\BlazorTabMenu.csproj", "{5BC5FE1B-C3AF-43AC-9296-F97532B1CFB1}"
EndProject
Project("{9A19103F-16F7-4668-BE54-9A1E7A4F7556}") = "BlazorDropdown", "BlazorDropdown\BlazorDropdown.csproj", "{42EF6326-4156-4157-A211-CE1953827D58}"
EndProject
Project("{9A19103F-16F7-4668-BE54-9A1E7A4F7556}") = "BlazorColorPicker", "BlazorColorPicker\BlazorColorPicker.csproj", "{7ACD450D-64F4-4001-8180-98CA4B951C5A}"
EndProject
Project("{9A19103F-16F7-4668-BE54-9A1E7A4F7556}") = "BlazorVideo", "BlazorVideo\BlazorVideo.csproj", "{022C1DAB-D2C5-4410-985A-A922A4A3D200}"
EndProject
Project("{9A19103F-16F7-4668-BE54-9A1E7A4F7556}") = "BlazorBrowserResize", "BlazorBrowserResize\BlazorBrowserResize.csproj", "{31D8888E-C4D2-41C3-AFF9-CEAF4C2F776B}"
EndProject
Project("{9A19103F-16F7-4668-BE54-9A1E7A4F7556}") = "BlazorNotifications", "BlazorNotifications\BlazorNotifications.csproj", "{7778FD39-9DE5-466B-B346-EE676BA68E1E}"
EndProject
Project("{9A19103F-16F7-4668-BE54-9A1E7A4F7556}") = "BlazorDynamicLayout", "BlazorDynamicLayout\BlazorDynamicLayout.csproj", "{00CC9D75-924A-4774-825A-C2E55A63FCC4}"
EndProject
Project("{9A19103F-16F7-4668-BE54-9A1E7A4F7556}") = "BlazorVideoPlayer", "BlazorVideoPlayer\BlazorVideoPlayer.csproj", "{13189BED-8F29-4740-9673-B1ED1BDC5A99}"
EndProject
Project("{9A19103F-16F7-4668-BE54-9A1E7A4F7556}") = "BlazorSlider", "BlazorSlider\BlazorSlider.csproj", "{9FD56C83-318A-40E8-BF49-E05994A56A02}"
EndProject
Project("{9A19103F-16F7-4668-BE54-9A1E7A4F7556}") = "BlazorDevices", "BlazorDevices\BlazorDevices.csproj", "{76915D55-2CEE-4466-809F-BCFCD2D31708}"
EndProject
Project("{9A19103F-16F7-4668-BE54-9A1E7A4F7556}") = "BlazorDownload", "BlazorDownload\BlazorDownload.csproj", "{D0AE41A0-5664-4377-9C8B-792A2D0C58D9}"
EndProject
Project("{9A19103F-16F7-4668-BE54-9A1E7A4F7556}") = "Hwavmvid.Motiondetection", "Hwavmvid.Motiondetection\Hwavmvid.Motiondetection.csproj", "{1AEE57B4-3728-4E64-ADF7-9D5025F3F3C7}"
EndProject
Project("{9A19103F-16F7-4668-BE54-9A1E7A4F7556}") = "Hwavmvid.Stringpics", "Hwavmvid.Stringpics\Hwavmvid.Stringpics.csproj", "{D71B5DE7-14FA-4D4A-B473-17AB7FEE605E}"
EndProject
Project("{9A19103F-16F7-4668-BE54-9A1E7A4F7556}") = "Hwavmvid.Jsapinotifications", "Hwavmvid.Jsapinotifications\Hwavmvid.Jsapinotifications.csproj", "{8C3986C7-2007-4BD6-B0EF-3B59DAE13FD2}"
EndProject
Project("{9A19103F-16F7-4668-BE54-9A1E7A4F7556}") = "Hwavmvid.Blackjack", "Hwavmvid.Blackjack\Hwavmvid.Blackjack.csproj", "{2685CA44-CE4B-43F0-AB50-096085072572}"
EndProject
Project("{9A19103F-16F7-4668-BE54-9A1E7A4F7556}") = "Hwavmvid.Roulette", "Hwavmvid.Roulette\Hwavmvid.Roulette.csproj", "{23E41106-D18E-451F-ADC7-7AC5DB81A81E}"
EndProject
Project("{9A19103F-16F7-4668-BE54-9A1E7A4F7556}") = "Hwavmvid.Roulettesurface", "Hwavmvid.Roulettesurface\Hwavmvid.Roulettesurface.csproj", "{86E4D9E0-7465-4C67-8A93-FFDFD83BEEFA}"
EndProject
Project("{9A19103F-16F7-4668-BE54-9A1E7A4F7556}") = "Hwavmvid.Roulettebetoptions", "Hwavmvid.Roulettebetoptions\Hwavmvid.Roulettebetoptions.csproj", "{20DF9A11-980A-49E4-B632-57F5D6B14877}"
EndProject
Project("{9A19103F-16F7-4668-BE54-9A1E7A4F7556}") = "Hwavmvid.Rouletteitellisense", "Hwavmvid.RouletteItellisense\Hwavmvid.Rouletteitellisense.csproj", "{F035F8C7-ECA8-46C0-8B5A-6127C3300287}"
EndProject
Project("{9A19103F-16F7-4668-BE54-9A1E7A4F7556}") = "Hwavmvid.Rouletteshared", "Hwavmvid.Rouletteshared\Hwavmvid.Rouletteshared.csproj", "{699D2DA9-DC8F-496E-BC2E-096D559C8D14}"
EndProject
Project("{9A19103F-16F7-4668-BE54-9A1E7A4F7556}") = "Hwavmvid.Roulettecoins", "Hwavmvid.Roulettecoins\Hwavmvid.Roulettecoins.csproj", "{56168D7F-B50D-47D2-ACB6-CDAD86164552}"
EndProject
Project("{9A19103F-16F7-4668-BE54-9A1E7A4F7556}") = "Hwavmvid.Roulettebets", "Hwavmvid.Roulettebets\Hwavmvid.Roulettebets.csproj", "{DBDBAD2A-B3A6-4851-89E7-C3445A838804}"
EndProject
Project("{9A19103F-16F7-4668-BE54-9A1E7A4F7556}") = "Hwavmvid.Roulettebetscores", "Hwavmvid.Roulettebetscores\Hwavmvid.Roulettebetscores.csproj", "{C0CE38E4-EA62-459B-A07B-456E3CCECD42}"
EndProject
Project("{9A19103F-16F7-4668-BE54-9A1E7A4F7556}") = "Hwavmvid.Motorsport.Racewaymaps", "Hwavmvid.Motorsport.Racewaymaps\Hwavmvid.Motorsport.Racewaymaps.csproj", "{85D2E13F-6D84-48F4-9C7B-92C80F03B0D0}"
EndProject
Project("{9A19103F-16F7-4668-BE54-9A1E7A4F7556}") = "Hwavmvid.Motorsport.Shared", "Hwavmvid.Motorsport.Shared\Hwavmvid.Motorsport.Shared.csproj", "{635FFEE0-4467-403E-872E-22921664ABDC}"
EndProject
Project("{9A19103F-16F7-4668-BE54-9A1E7A4F7556}") = "Hwavmvid.Jsapigeolocation", "Hwavmvid.Jsapigeolocation\Hwavmvid.Jsapigeolocation.csproj", "{B9E34451-D37A-4D25-A53D-852C9122C1F0}"
EndProject
Global
	GlobalSection(SolutionConfigurationPlatforms) = preSolution
		Debug|Any CPU = Debug|Any CPU
		Debug|iPhone = Debug|iPhone
		Debug|iPhoneSimulator = Debug|iPhoneSimulator
		Release|Any CPU = Release|Any CPU
		Release|iPhone = Release|iPhone
		Release|iPhoneSimulator = Release|iPhoneSimulator
		Wasm|Any CPU = Wasm|Any CPU
		Wasm|iPhone = Wasm|iPhone
		Wasm|iPhoneSimulator = Wasm|iPhoneSimulator
	EndGlobalSection
	GlobalSection(ProjectConfigurationPlatforms) = postSolution
		{AA8E58A1-CD09-4208-BF66-A8BB341FD669}.Debug|Any CPU.ActiveCfg = Debug|Any CPU
		{AA8E58A1-CD09-4208-BF66-A8BB341FD669}.Debug|Any CPU.Build.0 = Debug|Any CPU
		{AA8E58A1-CD09-4208-BF66-A8BB341FD669}.Debug|iPhone.ActiveCfg = Debug|Any CPU
		{AA8E58A1-CD09-4208-BF66-A8BB341FD669}.Debug|iPhone.Build.0 = Debug|Any CPU
		{AA8E58A1-CD09-4208-BF66-A8BB341FD669}.Debug|iPhoneSimulator.ActiveCfg = Debug|Any CPU
		{AA8E58A1-CD09-4208-BF66-A8BB341FD669}.Debug|iPhoneSimulator.Build.0 = Debug|Any CPU
		{AA8E58A1-CD09-4208-BF66-A8BB341FD669}.Release|Any CPU.ActiveCfg = Release|Any CPU
		{AA8E58A1-CD09-4208-BF66-A8BB341FD669}.Release|Any CPU.Build.0 = Release|Any CPU
		{AA8E58A1-CD09-4208-BF66-A8BB341FD669}.Release|iPhone.ActiveCfg = Release|Any CPU
		{AA8E58A1-CD09-4208-BF66-A8BB341FD669}.Release|iPhone.Build.0 = Release|Any CPU
		{AA8E58A1-CD09-4208-BF66-A8BB341FD669}.Release|iPhoneSimulator.ActiveCfg = Release|Any CPU
		{AA8E58A1-CD09-4208-BF66-A8BB341FD669}.Release|iPhoneSimulator.Build.0 = Release|Any CPU
		{AA8E58A1-CD09-4208-BF66-A8BB341FD669}.Wasm|Any CPU.ActiveCfg = Release|Any CPU
		{AA8E58A1-CD09-4208-BF66-A8BB341FD669}.Wasm|Any CPU.Build.0 = Release|Any CPU
		{AA8E58A1-CD09-4208-BF66-A8BB341FD669}.Wasm|iPhone.ActiveCfg = Release|Any CPU
		{AA8E58A1-CD09-4208-BF66-A8BB341FD669}.Wasm|iPhone.Build.0 = Release|Any CPU
		{AA8E58A1-CD09-4208-BF66-A8BB341FD669}.Wasm|iPhoneSimulator.ActiveCfg = Release|Any CPU
		{AA8E58A1-CD09-4208-BF66-A8BB341FD669}.Wasm|iPhoneSimulator.Build.0 = Release|Any CPU
		{04B05448-788F-433D-92C0-FED35122D45A}.Debug|Any CPU.ActiveCfg = Debug|Any CPU
		{04B05448-788F-433D-92C0-FED35122D45A}.Debug|Any CPU.Build.0 = Debug|Any CPU
		{04B05448-788F-433D-92C0-FED35122D45A}.Debug|iPhone.ActiveCfg = Debug|Any CPU
		{04B05448-788F-433D-92C0-FED35122D45A}.Debug|iPhone.Build.0 = Debug|Any CPU
		{04B05448-788F-433D-92C0-FED35122D45A}.Debug|iPhoneSimulator.ActiveCfg = Debug|Any CPU
		{04B05448-788F-433D-92C0-FED35122D45A}.Debug|iPhoneSimulator.Build.0 = Debug|Any CPU
		{04B05448-788F-433D-92C0-FED35122D45A}.Release|Any CPU.ActiveCfg = Release|Any CPU
		{04B05448-788F-433D-92C0-FED35122D45A}.Release|Any CPU.Build.0 = Release|Any CPU
		{04B05448-788F-433D-92C0-FED35122D45A}.Release|iPhone.ActiveCfg = Release|Any CPU
		{04B05448-788F-433D-92C0-FED35122D45A}.Release|iPhone.Build.0 = Release|Any CPU
		{04B05448-788F-433D-92C0-FED35122D45A}.Release|iPhoneSimulator.ActiveCfg = Release|Any CPU
		{04B05448-788F-433D-92C0-FED35122D45A}.Release|iPhoneSimulator.Build.0 = Release|Any CPU
		{04B05448-788F-433D-92C0-FED35122D45A}.Wasm|Any CPU.ActiveCfg = Release|Any CPU
		{04B05448-788F-433D-92C0-FED35122D45A}.Wasm|Any CPU.Build.0 = Release|Any CPU
		{04B05448-788F-433D-92C0-FED35122D45A}.Wasm|iPhone.ActiveCfg = Release|Any CPU
		{04B05448-788F-433D-92C0-FED35122D45A}.Wasm|iPhone.Build.0 = Release|Any CPU
		{04B05448-788F-433D-92C0-FED35122D45A}.Wasm|iPhoneSimulator.ActiveCfg = Release|Any CPU
		{04B05448-788F-433D-92C0-FED35122D45A}.Wasm|iPhoneSimulator.Build.0 = Release|Any CPU
		{18D73F73-D7BE-4388-85BA-FBD9AC96FCA2}.Debug|Any CPU.ActiveCfg = Debug|Any CPU
		{18D73F73-D7BE-4388-85BA-FBD9AC96FCA2}.Debug|Any CPU.Build.0 = Debug|Any CPU
		{18D73F73-D7BE-4388-85BA-FBD9AC96FCA2}.Debug|iPhone.ActiveCfg = Debug|Any CPU
		{18D73F73-D7BE-4388-85BA-FBD9AC96FCA2}.Debug|iPhone.Build.0 = Debug|Any CPU
		{18D73F73-D7BE-4388-85BA-FBD9AC96FCA2}.Debug|iPhoneSimulator.ActiveCfg = Debug|Any CPU
		{18D73F73-D7BE-4388-85BA-FBD9AC96FCA2}.Debug|iPhoneSimulator.Build.0 = Debug|Any CPU
		{18D73F73-D7BE-4388-85BA-FBD9AC96FCA2}.Release|Any CPU.ActiveCfg = Release|Any CPU
		{18D73F73-D7BE-4388-85BA-FBD9AC96FCA2}.Release|Any CPU.Build.0 = Release|Any CPU
		{18D73F73-D7BE-4388-85BA-FBD9AC96FCA2}.Release|iPhone.ActiveCfg = Release|Any CPU
		{18D73F73-D7BE-4388-85BA-FBD9AC96FCA2}.Release|iPhone.Build.0 = Release|Any CPU
		{18D73F73-D7BE-4388-85BA-FBD9AC96FCA2}.Release|iPhoneSimulator.ActiveCfg = Release|Any CPU
		{18D73F73-D7BE-4388-85BA-FBD9AC96FCA2}.Release|iPhoneSimulator.Build.0 = Release|Any CPU
		{18D73F73-D7BE-4388-85BA-FBD9AC96FCA2}.Wasm|Any CPU.ActiveCfg = Release|Any CPU
		{18D73F73-D7BE-4388-85BA-FBD9AC96FCA2}.Wasm|Any CPU.Build.0 = Release|Any CPU
		{18D73F73-D7BE-4388-85BA-FBD9AC96FCA2}.Wasm|iPhone.ActiveCfg = Release|Any CPU
		{18D73F73-D7BE-4388-85BA-FBD9AC96FCA2}.Wasm|iPhone.Build.0 = Release|Any CPU
		{18D73F73-D7BE-4388-85BA-FBD9AC96FCA2}.Wasm|iPhoneSimulator.ActiveCfg = Release|Any CPU
		{18D73F73-D7BE-4388-85BA-FBD9AC96FCA2}.Wasm|iPhoneSimulator.Build.0 = Release|Any CPU
		{C5CE512D-CBB7-4545-AF0F-9B6591A0C3A7}.Debug|Any CPU.ActiveCfg = Debug|Any CPU
		{C5CE512D-CBB7-4545-AF0F-9B6591A0C3A7}.Debug|Any CPU.Build.0 = Debug|Any CPU
		{C5CE512D-CBB7-4545-AF0F-9B6591A0C3A7}.Debug|iPhone.ActiveCfg = Debug|Any CPU
		{C5CE512D-CBB7-4545-AF0F-9B6591A0C3A7}.Debug|iPhone.Build.0 = Debug|Any CPU
		{C5CE512D-CBB7-4545-AF0F-9B6591A0C3A7}.Debug|iPhoneSimulator.ActiveCfg = Debug|Any CPU
		{C5CE512D-CBB7-4545-AF0F-9B6591A0C3A7}.Debug|iPhoneSimulator.Build.0 = Debug|Any CPU
		{C5CE512D-CBB7-4545-AF0F-9B6591A0C3A7}.Release|Any CPU.ActiveCfg = Release|Any CPU
		{C5CE512D-CBB7-4545-AF0F-9B6591A0C3A7}.Release|Any CPU.Build.0 = Release|Any CPU
		{C5CE512D-CBB7-4545-AF0F-9B6591A0C3A7}.Release|iPhone.ActiveCfg = Release|Any CPU
		{C5CE512D-CBB7-4545-AF0F-9B6591A0C3A7}.Release|iPhone.Build.0 = Release|Any CPU
		{C5CE512D-CBB7-4545-AF0F-9B6591A0C3A7}.Release|iPhoneSimulator.ActiveCfg = Release|Any CPU
		{C5CE512D-CBB7-4545-AF0F-9B6591A0C3A7}.Release|iPhoneSimulator.Build.0 = Release|Any CPU
		{C5CE512D-CBB7-4545-AF0F-9B6591A0C3A7}.Wasm|Any CPU.ActiveCfg = Debug|Any CPU
		{C5CE512D-CBB7-4545-AF0F-9B6591A0C3A7}.Wasm|Any CPU.Build.0 = Debug|Any CPU
		{C5CE512D-CBB7-4545-AF0F-9B6591A0C3A7}.Wasm|iPhone.ActiveCfg = Release|Any CPU
		{C5CE512D-CBB7-4545-AF0F-9B6591A0C3A7}.Wasm|iPhone.Build.0 = Release|Any CPU
		{C5CE512D-CBB7-4545-AF0F-9B6591A0C3A7}.Wasm|iPhoneSimulator.ActiveCfg = Release|Any CPU
		{C5CE512D-CBB7-4545-AF0F-9B6591A0C3A7}.Wasm|iPhoneSimulator.Build.0 = Release|Any CPU
		{B5D1B551-35BD-4512-B65A-8426005EC8A2}.Debug|Any CPU.ActiveCfg = Debug|Any CPU
		{B5D1B551-35BD-4512-B65A-8426005EC8A2}.Debug|Any CPU.Build.0 = Debug|Any CPU
		{B5D1B551-35BD-4512-B65A-8426005EC8A2}.Debug|iPhone.ActiveCfg = Debug|Any CPU
		{B5D1B551-35BD-4512-B65A-8426005EC8A2}.Debug|iPhone.Build.0 = Debug|Any CPU
		{B5D1B551-35BD-4512-B65A-8426005EC8A2}.Debug|iPhoneSimulator.ActiveCfg = Debug|Any CPU
		{B5D1B551-35BD-4512-B65A-8426005EC8A2}.Debug|iPhoneSimulator.Build.0 = Debug|Any CPU
		{B5D1B551-35BD-4512-B65A-8426005EC8A2}.Release|Any CPU.ActiveCfg = Release|Any CPU
		{B5D1B551-35BD-4512-B65A-8426005EC8A2}.Release|Any CPU.Build.0 = Release|Any CPU
		{B5D1B551-35BD-4512-B65A-8426005EC8A2}.Release|iPhone.ActiveCfg = Release|Any CPU
		{B5D1B551-35BD-4512-B65A-8426005EC8A2}.Release|iPhone.Build.0 = Release|Any CPU
		{B5D1B551-35BD-4512-B65A-8426005EC8A2}.Release|iPhoneSimulator.ActiveCfg = Release|Any CPU
		{B5D1B551-35BD-4512-B65A-8426005EC8A2}.Release|iPhoneSimulator.Build.0 = Release|Any CPU
		{B5D1B551-35BD-4512-B65A-8426005EC8A2}.Wasm|Any CPU.ActiveCfg = Debug|Any CPU
		{B5D1B551-35BD-4512-B65A-8426005EC8A2}.Wasm|Any CPU.Build.0 = Debug|Any CPU
		{B5D1B551-35BD-4512-B65A-8426005EC8A2}.Wasm|iPhone.ActiveCfg = Release|Any CPU
		{B5D1B551-35BD-4512-B65A-8426005EC8A2}.Wasm|iPhone.Build.0 = Release|Any CPU
		{B5D1B551-35BD-4512-B65A-8426005EC8A2}.Wasm|iPhoneSimulator.ActiveCfg = Release|Any CPU
		{B5D1B551-35BD-4512-B65A-8426005EC8A2}.Wasm|iPhoneSimulator.Build.0 = Release|Any CPU
		{39C78991-3C3E-4ABC-8F9E-7FA32DDD2501}.Debug|Any CPU.ActiveCfg = Debug|Any CPU
		{39C78991-3C3E-4ABC-8F9E-7FA32DDD2501}.Debug|Any CPU.Build.0 = Debug|Any CPU
		{39C78991-3C3E-4ABC-8F9E-7FA32DDD2501}.Debug|iPhone.ActiveCfg = Debug|Any CPU
		{39C78991-3C3E-4ABC-8F9E-7FA32DDD2501}.Debug|iPhone.Build.0 = Debug|Any CPU
		{39C78991-3C3E-4ABC-8F9E-7FA32DDD2501}.Debug|iPhoneSimulator.ActiveCfg = Debug|Any CPU
		{39C78991-3C3E-4ABC-8F9E-7FA32DDD2501}.Debug|iPhoneSimulator.Build.0 = Debug|Any CPU
		{39C78991-3C3E-4ABC-8F9E-7FA32DDD2501}.Release|Any CPU.ActiveCfg = Release|Any CPU
		{39C78991-3C3E-4ABC-8F9E-7FA32DDD2501}.Release|Any CPU.Build.0 = Release|Any CPU
		{39C78991-3C3E-4ABC-8F9E-7FA32DDD2501}.Release|iPhone.ActiveCfg = Release|Any CPU
		{39C78991-3C3E-4ABC-8F9E-7FA32DDD2501}.Release|iPhone.Build.0 = Release|Any CPU
		{39C78991-3C3E-4ABC-8F9E-7FA32DDD2501}.Release|iPhoneSimulator.ActiveCfg = Release|Any CPU
		{39C78991-3C3E-4ABC-8F9E-7FA32DDD2501}.Release|iPhoneSimulator.Build.0 = Release|Any CPU
		{39C78991-3C3E-4ABC-8F9E-7FA32DDD2501}.Wasm|Any CPU.ActiveCfg = Debug|Any CPU
		{39C78991-3C3E-4ABC-8F9E-7FA32DDD2501}.Wasm|Any CPU.Build.0 = Debug|Any CPU
		{39C78991-3C3E-4ABC-8F9E-7FA32DDD2501}.Wasm|iPhone.ActiveCfg = Debug|Any CPU
		{39C78991-3C3E-4ABC-8F9E-7FA32DDD2501}.Wasm|iPhone.Build.0 = Debug|Any CPU
		{39C78991-3C3E-4ABC-8F9E-7FA32DDD2501}.Wasm|iPhoneSimulator.ActiveCfg = Debug|Any CPU
		{39C78991-3C3E-4ABC-8F9E-7FA32DDD2501}.Wasm|iPhoneSimulator.Build.0 = Debug|Any CPU
		{7DD2B998-C24D-4632-A69D-F689D406F7EE}.Debug|Any CPU.ActiveCfg = Debug|Any CPU
		{7DD2B998-C24D-4632-A69D-F689D406F7EE}.Debug|Any CPU.Build.0 = Debug|Any CPU
		{7DD2B998-C24D-4632-A69D-F689D406F7EE}.Debug|iPhone.ActiveCfg = Debug|Any CPU
		{7DD2B998-C24D-4632-A69D-F689D406F7EE}.Debug|iPhone.Build.0 = Debug|Any CPU
		{7DD2B998-C24D-4632-A69D-F689D406F7EE}.Debug|iPhoneSimulator.ActiveCfg = Debug|Any CPU
		{7DD2B998-C24D-4632-A69D-F689D406F7EE}.Debug|iPhoneSimulator.Build.0 = Debug|Any CPU
		{7DD2B998-C24D-4632-A69D-F689D406F7EE}.Release|Any CPU.ActiveCfg = Release|Any CPU
		{7DD2B998-C24D-4632-A69D-F689D406F7EE}.Release|Any CPU.Build.0 = Release|Any CPU
		{7DD2B998-C24D-4632-A69D-F689D406F7EE}.Release|iPhone.ActiveCfg = Release|Any CPU
		{7DD2B998-C24D-4632-A69D-F689D406F7EE}.Release|iPhone.Build.0 = Release|Any CPU
		{7DD2B998-C24D-4632-A69D-F689D406F7EE}.Release|iPhoneSimulator.ActiveCfg = Release|Any CPU
		{7DD2B998-C24D-4632-A69D-F689D406F7EE}.Release|iPhoneSimulator.Build.0 = Release|Any CPU
		{7DD2B998-C24D-4632-A69D-F689D406F7EE}.Wasm|Any CPU.ActiveCfg = Debug|Any CPU
		{7DD2B998-C24D-4632-A69D-F689D406F7EE}.Wasm|Any CPU.Build.0 = Debug|Any CPU
		{7DD2B998-C24D-4632-A69D-F689D406F7EE}.Wasm|iPhone.ActiveCfg = Debug|Any CPU
		{7DD2B998-C24D-4632-A69D-F689D406F7EE}.Wasm|iPhone.Build.0 = Debug|Any CPU
		{7DD2B998-C24D-4632-A69D-F689D406F7EE}.Wasm|iPhoneSimulator.ActiveCfg = Debug|Any CPU
		{7DD2B998-C24D-4632-A69D-F689D406F7EE}.Wasm|iPhoneSimulator.Build.0 = Debug|Any CPU
		{2A9E17CF-A6AE-4505-92AA-15D2D9D1E7DE}.Debug|Any CPU.ActiveCfg = Debug|Any CPU
		{2A9E17CF-A6AE-4505-92AA-15D2D9D1E7DE}.Debug|Any CPU.Build.0 = Debug|Any CPU
		{2A9E17CF-A6AE-4505-92AA-15D2D9D1E7DE}.Debug|iPhone.ActiveCfg = Debug|Any CPU
		{2A9E17CF-A6AE-4505-92AA-15D2D9D1E7DE}.Debug|iPhone.Build.0 = Debug|Any CPU
		{2A9E17CF-A6AE-4505-92AA-15D2D9D1E7DE}.Debug|iPhoneSimulator.ActiveCfg = Debug|Any CPU
		{2A9E17CF-A6AE-4505-92AA-15D2D9D1E7DE}.Debug|iPhoneSimulator.Build.0 = Debug|Any CPU
		{2A9E17CF-A6AE-4505-92AA-15D2D9D1E7DE}.Release|Any CPU.ActiveCfg = Release|Any CPU
		{2A9E17CF-A6AE-4505-92AA-15D2D9D1E7DE}.Release|Any CPU.Build.0 = Release|Any CPU
		{2A9E17CF-A6AE-4505-92AA-15D2D9D1E7DE}.Release|iPhone.ActiveCfg = Release|Any CPU
		{2A9E17CF-A6AE-4505-92AA-15D2D9D1E7DE}.Release|iPhone.Build.0 = Release|Any CPU
		{2A9E17CF-A6AE-4505-92AA-15D2D9D1E7DE}.Release|iPhoneSimulator.ActiveCfg = Release|Any CPU
		{2A9E17CF-A6AE-4505-92AA-15D2D9D1E7DE}.Release|iPhoneSimulator.Build.0 = Release|Any CPU
		{2A9E17CF-A6AE-4505-92AA-15D2D9D1E7DE}.Wasm|Any CPU.ActiveCfg = Debug|Any CPU
		{2A9E17CF-A6AE-4505-92AA-15D2D9D1E7DE}.Wasm|Any CPU.Build.0 = Debug|Any CPU
		{2A9E17CF-A6AE-4505-92AA-15D2D9D1E7DE}.Wasm|iPhone.ActiveCfg = Debug|Any CPU
		{2A9E17CF-A6AE-4505-92AA-15D2D9D1E7DE}.Wasm|iPhone.Build.0 = Debug|Any CPU
		{2A9E17CF-A6AE-4505-92AA-15D2D9D1E7DE}.Wasm|iPhoneSimulator.ActiveCfg = Debug|Any CPU
		{2A9E17CF-A6AE-4505-92AA-15D2D9D1E7DE}.Wasm|iPhoneSimulator.Build.0 = Debug|Any CPU
		{54A165C3-4EAC-4E0C-854E-0174D0B42E8F}.Debug|Any CPU.ActiveCfg = Debug|Any CPU
		{54A165C3-4EAC-4E0C-854E-0174D0B42E8F}.Debug|Any CPU.Build.0 = Debug|Any CPU
		{54A165C3-4EAC-4E0C-854E-0174D0B42E8F}.Debug|iPhone.ActiveCfg = Debug|Any CPU
		{54A165C3-4EAC-4E0C-854E-0174D0B42E8F}.Debug|iPhone.Build.0 = Debug|Any CPU
		{54A165C3-4EAC-4E0C-854E-0174D0B42E8F}.Debug|iPhoneSimulator.ActiveCfg = Debug|Any CPU
		{54A165C3-4EAC-4E0C-854E-0174D0B42E8F}.Debug|iPhoneSimulator.Build.0 = Debug|Any CPU
		{54A165C3-4EAC-4E0C-854E-0174D0B42E8F}.Release|Any CPU.ActiveCfg = Release|Any CPU
		{54A165C3-4EAC-4E0C-854E-0174D0B42E8F}.Release|Any CPU.Build.0 = Release|Any CPU
		{54A165C3-4EAC-4E0C-854E-0174D0B42E8F}.Release|iPhone.ActiveCfg = Release|Any CPU
		{54A165C3-4EAC-4E0C-854E-0174D0B42E8F}.Release|iPhone.Build.0 = Release|Any CPU
		{54A165C3-4EAC-4E0C-854E-0174D0B42E8F}.Release|iPhoneSimulator.ActiveCfg = Release|Any CPU
		{54A165C3-4EAC-4E0C-854E-0174D0B42E8F}.Release|iPhoneSimulator.Build.0 = Release|Any CPU
		{54A165C3-4EAC-4E0C-854E-0174D0B42E8F}.Wasm|Any CPU.ActiveCfg = Debug|Any CPU
		{54A165C3-4EAC-4E0C-854E-0174D0B42E8F}.Wasm|Any CPU.Build.0 = Debug|Any CPU
		{54A165C3-4EAC-4E0C-854E-0174D0B42E8F}.Wasm|iPhone.ActiveCfg = Debug|Any CPU
		{54A165C3-4EAC-4E0C-854E-0174D0B42E8F}.Wasm|iPhone.Build.0 = Debug|Any CPU
		{54A165C3-4EAC-4E0C-854E-0174D0B42E8F}.Wasm|iPhoneSimulator.ActiveCfg = Debug|Any CPU
		{54A165C3-4EAC-4E0C-854E-0174D0B42E8F}.Wasm|iPhoneSimulator.Build.0 = Debug|Any CPU
		{A4837789-BDFF-47BB-B8DF-BD7C98B53464}.Debug|Any CPU.ActiveCfg = Debug|Any CPU
		{A4837789-BDFF-47BB-B8DF-BD7C98B53464}.Debug|Any CPU.Build.0 = Debug|Any CPU
		{A4837789-BDFF-47BB-B8DF-BD7C98B53464}.Debug|iPhone.ActiveCfg = Debug|Any CPU
		{A4837789-BDFF-47BB-B8DF-BD7C98B53464}.Debug|iPhone.Build.0 = Debug|Any CPU
		{A4837789-BDFF-47BB-B8DF-BD7C98B53464}.Debug|iPhoneSimulator.ActiveCfg = Debug|Any CPU
		{A4837789-BDFF-47BB-B8DF-BD7C98B53464}.Debug|iPhoneSimulator.Build.0 = Debug|Any CPU
		{A4837789-BDFF-47BB-B8DF-BD7C98B53464}.Release|Any CPU.ActiveCfg = Release|Any CPU
		{A4837789-BDFF-47BB-B8DF-BD7C98B53464}.Release|Any CPU.Build.0 = Release|Any CPU
		{A4837789-BDFF-47BB-B8DF-BD7C98B53464}.Release|iPhone.ActiveCfg = Release|Any CPU
		{A4837789-BDFF-47BB-B8DF-BD7C98B53464}.Release|iPhone.Build.0 = Release|Any CPU
		{A4837789-BDFF-47BB-B8DF-BD7C98B53464}.Release|iPhoneSimulator.ActiveCfg = Release|Any CPU
		{A4837789-BDFF-47BB-B8DF-BD7C98B53464}.Release|iPhoneSimulator.Build.0 = Release|Any CPU
		{A4837789-BDFF-47BB-B8DF-BD7C98B53464}.Wasm|Any CPU.ActiveCfg = Debug|Any CPU
		{A4837789-BDFF-47BB-B8DF-BD7C98B53464}.Wasm|Any CPU.Build.0 = Debug|Any CPU
		{A4837789-BDFF-47BB-B8DF-BD7C98B53464}.Wasm|iPhone.ActiveCfg = Debug|Any CPU
		{A4837789-BDFF-47BB-B8DF-BD7C98B53464}.Wasm|iPhone.Build.0 = Debug|Any CPU
		{A4837789-BDFF-47BB-B8DF-BD7C98B53464}.Wasm|iPhoneSimulator.ActiveCfg = Debug|Any CPU
		{A4837789-BDFF-47BB-B8DF-BD7C98B53464}.Wasm|iPhoneSimulator.Build.0 = Debug|Any CPU
		{D050FC12-D08B-4533-BEA3-97611DD465E3}.Debug|Any CPU.ActiveCfg = Debug|Any CPU
		{D050FC12-D08B-4533-BEA3-97611DD465E3}.Debug|Any CPU.Build.0 = Debug|Any CPU
		{D050FC12-D08B-4533-BEA3-97611DD465E3}.Debug|iPhone.ActiveCfg = Debug|Any CPU
		{D050FC12-D08B-4533-BEA3-97611DD465E3}.Debug|iPhone.Build.0 = Debug|Any CPU
		{D050FC12-D08B-4533-BEA3-97611DD465E3}.Debug|iPhoneSimulator.ActiveCfg = Debug|Any CPU
		{D050FC12-D08B-4533-BEA3-97611DD465E3}.Debug|iPhoneSimulator.Build.0 = Debug|Any CPU
		{D050FC12-D08B-4533-BEA3-97611DD465E3}.Release|Any CPU.ActiveCfg = Release|Any CPU
		{D050FC12-D08B-4533-BEA3-97611DD465E3}.Release|Any CPU.Build.0 = Release|Any CPU
		{D050FC12-D08B-4533-BEA3-97611DD465E3}.Release|iPhone.ActiveCfg = Release|Any CPU
		{D050FC12-D08B-4533-BEA3-97611DD465E3}.Release|iPhone.Build.0 = Release|Any CPU
		{D050FC12-D08B-4533-BEA3-97611DD465E3}.Release|iPhoneSimulator.ActiveCfg = Release|Any CPU
		{D050FC12-D08B-4533-BEA3-97611DD465E3}.Release|iPhoneSimulator.Build.0 = Release|Any CPU
		{D050FC12-D08B-4533-BEA3-97611DD465E3}.Wasm|Any CPU.ActiveCfg = Debug|Any CPU
		{D050FC12-D08B-4533-BEA3-97611DD465E3}.Wasm|Any CPU.Build.0 = Debug|Any CPU
		{D050FC12-D08B-4533-BEA3-97611DD465E3}.Wasm|iPhone.ActiveCfg = Debug|Any CPU
		{D050FC12-D08B-4533-BEA3-97611DD465E3}.Wasm|iPhone.Build.0 = Debug|Any CPU
		{D050FC12-D08B-4533-BEA3-97611DD465E3}.Wasm|iPhoneSimulator.ActiveCfg = Debug|Any CPU
		{D050FC12-D08B-4533-BEA3-97611DD465E3}.Wasm|iPhoneSimulator.Build.0 = Debug|Any CPU
		{965CF4D8-EB3C-4831-884E-080C93926BE7}.Debug|Any CPU.ActiveCfg = Debug|Any CPU
		{965CF4D8-EB3C-4831-884E-080C93926BE7}.Debug|Any CPU.Build.0 = Debug|Any CPU
		{965CF4D8-EB3C-4831-884E-080C93926BE7}.Debug|iPhone.ActiveCfg = Debug|Any CPU
		{965CF4D8-EB3C-4831-884E-080C93926BE7}.Debug|iPhone.Build.0 = Debug|Any CPU
		{965CF4D8-EB3C-4831-884E-080C93926BE7}.Debug|iPhoneSimulator.ActiveCfg = Debug|Any CPU
		{965CF4D8-EB3C-4831-884E-080C93926BE7}.Debug|iPhoneSimulator.Build.0 = Debug|Any CPU
		{965CF4D8-EB3C-4831-884E-080C93926BE7}.Release|Any CPU.ActiveCfg = Release|Any CPU
		{965CF4D8-EB3C-4831-884E-080C93926BE7}.Release|Any CPU.Build.0 = Release|Any CPU
		{965CF4D8-EB3C-4831-884E-080C93926BE7}.Release|iPhone.ActiveCfg = Release|Any CPU
		{965CF4D8-EB3C-4831-884E-080C93926BE7}.Release|iPhone.Build.0 = Release|Any CPU
		{965CF4D8-EB3C-4831-884E-080C93926BE7}.Release|iPhoneSimulator.ActiveCfg = Release|Any CPU
		{965CF4D8-EB3C-4831-884E-080C93926BE7}.Release|iPhoneSimulator.Build.0 = Release|Any CPU
		{965CF4D8-EB3C-4831-884E-080C93926BE7}.Wasm|Any CPU.ActiveCfg = Debug|Any CPU
		{965CF4D8-EB3C-4831-884E-080C93926BE7}.Wasm|Any CPU.Build.0 = Debug|Any CPU
		{965CF4D8-EB3C-4831-884E-080C93926BE7}.Wasm|iPhone.ActiveCfg = Debug|Any CPU
		{965CF4D8-EB3C-4831-884E-080C93926BE7}.Wasm|iPhone.Build.0 = Debug|Any CPU
		{965CF4D8-EB3C-4831-884E-080C93926BE7}.Wasm|iPhoneSimulator.ActiveCfg = Debug|Any CPU
		{965CF4D8-EB3C-4831-884E-080C93926BE7}.Wasm|iPhoneSimulator.Build.0 = Debug|Any CPU
		{5E931E10-F983-4CAB-90BA-CB3F26DCD9CA}.Debug|Any CPU.ActiveCfg = Debug|Any CPU
		{5E931E10-F983-4CAB-90BA-CB3F26DCD9CA}.Debug|Any CPU.Build.0 = Debug|Any CPU
		{5E931E10-F983-4CAB-90BA-CB3F26DCD9CA}.Debug|iPhone.ActiveCfg = Debug|Any CPU
		{5E931E10-F983-4CAB-90BA-CB3F26DCD9CA}.Debug|iPhone.Build.0 = Debug|Any CPU
		{5E931E10-F983-4CAB-90BA-CB3F26DCD9CA}.Debug|iPhoneSimulator.ActiveCfg = Debug|Any CPU
		{5E931E10-F983-4CAB-90BA-CB3F26DCD9CA}.Debug|iPhoneSimulator.Build.0 = Debug|Any CPU
		{5E931E10-F983-4CAB-90BA-CB3F26DCD9CA}.Release|Any CPU.ActiveCfg = Release|Any CPU
		{5E931E10-F983-4CAB-90BA-CB3F26DCD9CA}.Release|Any CPU.Build.0 = Release|Any CPU
		{5E931E10-F983-4CAB-90BA-CB3F26DCD9CA}.Release|iPhone.ActiveCfg = Release|Any CPU
		{5E931E10-F983-4CAB-90BA-CB3F26DCD9CA}.Release|iPhone.Build.0 = Release|Any CPU
		{5E931E10-F983-4CAB-90BA-CB3F26DCD9CA}.Release|iPhoneSimulator.ActiveCfg = Release|Any CPU
		{5E931E10-F983-4CAB-90BA-CB3F26DCD9CA}.Release|iPhoneSimulator.Build.0 = Release|Any CPU
		{5E931E10-F983-4CAB-90BA-CB3F26DCD9CA}.Wasm|Any CPU.ActiveCfg = Debug|Any CPU
		{5E931E10-F983-4CAB-90BA-CB3F26DCD9CA}.Wasm|Any CPU.Build.0 = Debug|Any CPU
		{5E931E10-F983-4CAB-90BA-CB3F26DCD9CA}.Wasm|iPhone.ActiveCfg = Debug|Any CPU
		{5E931E10-F983-4CAB-90BA-CB3F26DCD9CA}.Wasm|iPhone.Build.0 = Debug|Any CPU
		{5E931E10-F983-4CAB-90BA-CB3F26DCD9CA}.Wasm|iPhoneSimulator.ActiveCfg = Debug|Any CPU
		{5E931E10-F983-4CAB-90BA-CB3F26DCD9CA}.Wasm|iPhoneSimulator.Build.0 = Debug|Any CPU
		{5BC5FE1B-C3AF-43AC-9296-F97532B1CFB1}.Debug|Any CPU.ActiveCfg = Debug|Any CPU
		{5BC5FE1B-C3AF-43AC-9296-F97532B1CFB1}.Debug|Any CPU.Build.0 = Debug|Any CPU
		{5BC5FE1B-C3AF-43AC-9296-F97532B1CFB1}.Debug|iPhone.ActiveCfg = Debug|Any CPU
		{5BC5FE1B-C3AF-43AC-9296-F97532B1CFB1}.Debug|iPhone.Build.0 = Debug|Any CPU
		{5BC5FE1B-C3AF-43AC-9296-F97532B1CFB1}.Debug|iPhoneSimulator.ActiveCfg = Debug|Any CPU
		{5BC5FE1B-C3AF-43AC-9296-F97532B1CFB1}.Debug|iPhoneSimulator.Build.0 = Debug|Any CPU
		{5BC5FE1B-C3AF-43AC-9296-F97532B1CFB1}.Release|Any CPU.ActiveCfg = Release|Any CPU
		{5BC5FE1B-C3AF-43AC-9296-F97532B1CFB1}.Release|Any CPU.Build.0 = Release|Any CPU
		{5BC5FE1B-C3AF-43AC-9296-F97532B1CFB1}.Release|iPhone.ActiveCfg = Release|Any CPU
		{5BC5FE1B-C3AF-43AC-9296-F97532B1CFB1}.Release|iPhone.Build.0 = Release|Any CPU
		{5BC5FE1B-C3AF-43AC-9296-F97532B1CFB1}.Release|iPhoneSimulator.ActiveCfg = Release|Any CPU
		{5BC5FE1B-C3AF-43AC-9296-F97532B1CFB1}.Release|iPhoneSimulator.Build.0 = Release|Any CPU
		{5BC5FE1B-C3AF-43AC-9296-F97532B1CFB1}.Wasm|Any CPU.ActiveCfg = Debug|Any CPU
		{5BC5FE1B-C3AF-43AC-9296-F97532B1CFB1}.Wasm|Any CPU.Build.0 = Debug|Any CPU
		{5BC5FE1B-C3AF-43AC-9296-F97532B1CFB1}.Wasm|iPhone.ActiveCfg = Debug|Any CPU
		{5BC5FE1B-C3AF-43AC-9296-F97532B1CFB1}.Wasm|iPhone.Build.0 = Debug|Any CPU
		{5BC5FE1B-C3AF-43AC-9296-F97532B1CFB1}.Wasm|iPhoneSimulator.ActiveCfg = Debug|Any CPU
		{5BC5FE1B-C3AF-43AC-9296-F97532B1CFB1}.Wasm|iPhoneSimulator.Build.0 = Debug|Any CPU
		{42EF6326-4156-4157-A211-CE1953827D58}.Debug|Any CPU.ActiveCfg = Debug|Any CPU
		{42EF6326-4156-4157-A211-CE1953827D58}.Debug|Any CPU.Build.0 = Debug|Any CPU
		{42EF6326-4156-4157-A211-CE1953827D58}.Debug|iPhone.ActiveCfg = Debug|Any CPU
		{42EF6326-4156-4157-A211-CE1953827D58}.Debug|iPhone.Build.0 = Debug|Any CPU
		{42EF6326-4156-4157-A211-CE1953827D58}.Debug|iPhoneSimulator.ActiveCfg = Debug|Any CPU
		{42EF6326-4156-4157-A211-CE1953827D58}.Debug|iPhoneSimulator.Build.0 = Debug|Any CPU
		{42EF6326-4156-4157-A211-CE1953827D58}.Release|Any CPU.ActiveCfg = Release|Any CPU
		{42EF6326-4156-4157-A211-CE1953827D58}.Release|Any CPU.Build.0 = Release|Any CPU
		{42EF6326-4156-4157-A211-CE1953827D58}.Release|iPhone.ActiveCfg = Release|Any CPU
		{42EF6326-4156-4157-A211-CE1953827D58}.Release|iPhone.Build.0 = Release|Any CPU
		{42EF6326-4156-4157-A211-CE1953827D58}.Release|iPhoneSimulator.ActiveCfg = Release|Any CPU
		{42EF6326-4156-4157-A211-CE1953827D58}.Release|iPhoneSimulator.Build.0 = Release|Any CPU
		{42EF6326-4156-4157-A211-CE1953827D58}.Wasm|Any CPU.ActiveCfg = Debug|Any CPU
		{42EF6326-4156-4157-A211-CE1953827D58}.Wasm|Any CPU.Build.0 = Debug|Any CPU
		{42EF6326-4156-4157-A211-CE1953827D58}.Wasm|iPhone.ActiveCfg = Debug|Any CPU
		{42EF6326-4156-4157-A211-CE1953827D58}.Wasm|iPhone.Build.0 = Debug|Any CPU
		{42EF6326-4156-4157-A211-CE1953827D58}.Wasm|iPhoneSimulator.ActiveCfg = Debug|Any CPU
		{42EF6326-4156-4157-A211-CE1953827D58}.Wasm|iPhoneSimulator.Build.0 = Debug|Any CPU
		{7ACD450D-64F4-4001-8180-98CA4B951C5A}.Debug|Any CPU.ActiveCfg = Debug|Any CPU
		{7ACD450D-64F4-4001-8180-98CA4B951C5A}.Debug|Any CPU.Build.0 = Debug|Any CPU
		{7ACD450D-64F4-4001-8180-98CA4B951C5A}.Debug|iPhone.ActiveCfg = Debug|Any CPU
		{7ACD450D-64F4-4001-8180-98CA4B951C5A}.Debug|iPhone.Build.0 = Debug|Any CPU
		{7ACD450D-64F4-4001-8180-98CA4B951C5A}.Debug|iPhoneSimulator.ActiveCfg = Debug|Any CPU
		{7ACD450D-64F4-4001-8180-98CA4B951C5A}.Debug|iPhoneSimulator.Build.0 = Debug|Any CPU
		{7ACD450D-64F4-4001-8180-98CA4B951C5A}.Release|Any CPU.ActiveCfg = Release|Any CPU
		{7ACD450D-64F4-4001-8180-98CA4B951C5A}.Release|Any CPU.Build.0 = Release|Any CPU
		{7ACD450D-64F4-4001-8180-98CA4B951C5A}.Release|iPhone.ActiveCfg = Release|Any CPU
		{7ACD450D-64F4-4001-8180-98CA4B951C5A}.Release|iPhone.Build.0 = Release|Any CPU
		{7ACD450D-64F4-4001-8180-98CA4B951C5A}.Release|iPhoneSimulator.ActiveCfg = Release|Any CPU
		{7ACD450D-64F4-4001-8180-98CA4B951C5A}.Release|iPhoneSimulator.Build.0 = Release|Any CPU
		{7ACD450D-64F4-4001-8180-98CA4B951C5A}.Wasm|Any CPU.ActiveCfg = Debug|Any CPU
		{7ACD450D-64F4-4001-8180-98CA4B951C5A}.Wasm|Any CPU.Build.0 = Debug|Any CPU
		{7ACD450D-64F4-4001-8180-98CA4B951C5A}.Wasm|iPhone.ActiveCfg = Debug|Any CPU
		{7ACD450D-64F4-4001-8180-98CA4B951C5A}.Wasm|iPhone.Build.0 = Debug|Any CPU
		{7ACD450D-64F4-4001-8180-98CA4B951C5A}.Wasm|iPhoneSimulator.ActiveCfg = Debug|Any CPU
		{7ACD450D-64F4-4001-8180-98CA4B951C5A}.Wasm|iPhoneSimulator.Build.0 = Debug|Any CPU
		{022C1DAB-D2C5-4410-985A-A922A4A3D200}.Debug|Any CPU.ActiveCfg = Debug|Any CPU
		{022C1DAB-D2C5-4410-985A-A922A4A3D200}.Debug|Any CPU.Build.0 = Debug|Any CPU
		{022C1DAB-D2C5-4410-985A-A922A4A3D200}.Debug|iPhone.ActiveCfg = Debug|Any CPU
		{022C1DAB-D2C5-4410-985A-A922A4A3D200}.Debug|iPhone.Build.0 = Debug|Any CPU
		{022C1DAB-D2C5-4410-985A-A922A4A3D200}.Debug|iPhoneSimulator.ActiveCfg = Debug|Any CPU
		{022C1DAB-D2C5-4410-985A-A922A4A3D200}.Debug|iPhoneSimulator.Build.0 = Debug|Any CPU
		{022C1DAB-D2C5-4410-985A-A922A4A3D200}.Release|Any CPU.ActiveCfg = Release|Any CPU
		{022C1DAB-D2C5-4410-985A-A922A4A3D200}.Release|Any CPU.Build.0 = Release|Any CPU
		{022C1DAB-D2C5-4410-985A-A922A4A3D200}.Release|iPhone.ActiveCfg = Release|Any CPU
		{022C1DAB-D2C5-4410-985A-A922A4A3D200}.Release|iPhone.Build.0 = Release|Any CPU
		{022C1DAB-D2C5-4410-985A-A922A4A3D200}.Release|iPhoneSimulator.ActiveCfg = Release|Any CPU
		{022C1DAB-D2C5-4410-985A-A922A4A3D200}.Release|iPhoneSimulator.Build.0 = Release|Any CPU
		{022C1DAB-D2C5-4410-985A-A922A4A3D200}.Wasm|Any CPU.ActiveCfg = Debug|Any CPU
		{022C1DAB-D2C5-4410-985A-A922A4A3D200}.Wasm|Any CPU.Build.0 = Debug|Any CPU
		{022C1DAB-D2C5-4410-985A-A922A4A3D200}.Wasm|iPhone.ActiveCfg = Debug|Any CPU
		{022C1DAB-D2C5-4410-985A-A922A4A3D200}.Wasm|iPhone.Build.0 = Debug|Any CPU
		{022C1DAB-D2C5-4410-985A-A922A4A3D200}.Wasm|iPhoneSimulator.ActiveCfg = Debug|Any CPU
		{022C1DAB-D2C5-4410-985A-A922A4A3D200}.Wasm|iPhoneSimulator.Build.0 = Debug|Any CPU
		{31D8888E-C4D2-41C3-AFF9-CEAF4C2F776B}.Debug|Any CPU.ActiveCfg = Debug|Any CPU
		{31D8888E-C4D2-41C3-AFF9-CEAF4C2F776B}.Debug|Any CPU.Build.0 = Debug|Any CPU
		{31D8888E-C4D2-41C3-AFF9-CEAF4C2F776B}.Debug|iPhone.ActiveCfg = Debug|Any CPU
		{31D8888E-C4D2-41C3-AFF9-CEAF4C2F776B}.Debug|iPhone.Build.0 = Debug|Any CPU
		{31D8888E-C4D2-41C3-AFF9-CEAF4C2F776B}.Debug|iPhoneSimulator.ActiveCfg = Debug|Any CPU
		{31D8888E-C4D2-41C3-AFF9-CEAF4C2F776B}.Debug|iPhoneSimulator.Build.0 = Debug|Any CPU
		{31D8888E-C4D2-41C3-AFF9-CEAF4C2F776B}.Release|Any CPU.ActiveCfg = Release|Any CPU
		{31D8888E-C4D2-41C3-AFF9-CEAF4C2F776B}.Release|Any CPU.Build.0 = Release|Any CPU
		{31D8888E-C4D2-41C3-AFF9-CEAF4C2F776B}.Release|iPhone.ActiveCfg = Release|Any CPU
		{31D8888E-C4D2-41C3-AFF9-CEAF4C2F776B}.Release|iPhone.Build.0 = Release|Any CPU
		{31D8888E-C4D2-41C3-AFF9-CEAF4C2F776B}.Release|iPhoneSimulator.ActiveCfg = Release|Any CPU
		{31D8888E-C4D2-41C3-AFF9-CEAF4C2F776B}.Release|iPhoneSimulator.Build.0 = Release|Any CPU
		{31D8888E-C4D2-41C3-AFF9-CEAF4C2F776B}.Wasm|Any CPU.ActiveCfg = Debug|Any CPU
		{31D8888E-C4D2-41C3-AFF9-CEAF4C2F776B}.Wasm|Any CPU.Build.0 = Debug|Any CPU
		{31D8888E-C4D2-41C3-AFF9-CEAF4C2F776B}.Wasm|iPhone.ActiveCfg = Debug|Any CPU
		{31D8888E-C4D2-41C3-AFF9-CEAF4C2F776B}.Wasm|iPhone.Build.0 = Debug|Any CPU
		{31D8888E-C4D2-41C3-AFF9-CEAF4C2F776B}.Wasm|iPhoneSimulator.ActiveCfg = Debug|Any CPU
		{31D8888E-C4D2-41C3-AFF9-CEAF4C2F776B}.Wasm|iPhoneSimulator.Build.0 = Debug|Any CPU
		{7778FD39-9DE5-466B-B346-EE676BA68E1E}.Debug|Any CPU.ActiveCfg = Debug|Any CPU
		{7778FD39-9DE5-466B-B346-EE676BA68E1E}.Debug|Any CPU.Build.0 = Debug|Any CPU
		{7778FD39-9DE5-466B-B346-EE676BA68E1E}.Debug|iPhone.ActiveCfg = Debug|Any CPU
		{7778FD39-9DE5-466B-B346-EE676BA68E1E}.Debug|iPhone.Build.0 = Debug|Any CPU
		{7778FD39-9DE5-466B-B346-EE676BA68E1E}.Debug|iPhoneSimulator.ActiveCfg = Debug|Any CPU
		{7778FD39-9DE5-466B-B346-EE676BA68E1E}.Debug|iPhoneSimulator.Build.0 = Debug|Any CPU
		{7778FD39-9DE5-466B-B346-EE676BA68E1E}.Release|Any CPU.ActiveCfg = Release|Any CPU
		{7778FD39-9DE5-466B-B346-EE676BA68E1E}.Release|Any CPU.Build.0 = Release|Any CPU
		{7778FD39-9DE5-466B-B346-EE676BA68E1E}.Release|iPhone.ActiveCfg = Release|Any CPU
		{7778FD39-9DE5-466B-B346-EE676BA68E1E}.Release|iPhone.Build.0 = Release|Any CPU
		{7778FD39-9DE5-466B-B346-EE676BA68E1E}.Release|iPhoneSimulator.ActiveCfg = Release|Any CPU
		{7778FD39-9DE5-466B-B346-EE676BA68E1E}.Release|iPhoneSimulator.Build.0 = Release|Any CPU
		{7778FD39-9DE5-466B-B346-EE676BA68E1E}.Wasm|Any CPU.ActiveCfg = Debug|Any CPU
		{7778FD39-9DE5-466B-B346-EE676BA68E1E}.Wasm|Any CPU.Build.0 = Debug|Any CPU
		{7778FD39-9DE5-466B-B346-EE676BA68E1E}.Wasm|iPhone.ActiveCfg = Debug|Any CPU
		{7778FD39-9DE5-466B-B346-EE676BA68E1E}.Wasm|iPhone.Build.0 = Debug|Any CPU
		{7778FD39-9DE5-466B-B346-EE676BA68E1E}.Wasm|iPhoneSimulator.ActiveCfg = Debug|Any CPU
		{7778FD39-9DE5-466B-B346-EE676BA68E1E}.Wasm|iPhoneSimulator.Build.0 = Debug|Any CPU
		{00CC9D75-924A-4774-825A-C2E55A63FCC4}.Debug|Any CPU.ActiveCfg = Debug|Any CPU
		{00CC9D75-924A-4774-825A-C2E55A63FCC4}.Debug|Any CPU.Build.0 = Debug|Any CPU
		{00CC9D75-924A-4774-825A-C2E55A63FCC4}.Debug|iPhone.ActiveCfg = Debug|Any CPU
		{00CC9D75-924A-4774-825A-C2E55A63FCC4}.Debug|iPhone.Build.0 = Debug|Any CPU
		{00CC9D75-924A-4774-825A-C2E55A63FCC4}.Debug|iPhoneSimulator.ActiveCfg = Debug|Any CPU
		{00CC9D75-924A-4774-825A-C2E55A63FCC4}.Debug|iPhoneSimulator.Build.0 = Debug|Any CPU
		{00CC9D75-924A-4774-825A-C2E55A63FCC4}.Release|Any CPU.ActiveCfg = Release|Any CPU
		{00CC9D75-924A-4774-825A-C2E55A63FCC4}.Release|Any CPU.Build.0 = Release|Any CPU
		{00CC9D75-924A-4774-825A-C2E55A63FCC4}.Release|iPhone.ActiveCfg = Release|Any CPU
		{00CC9D75-924A-4774-825A-C2E55A63FCC4}.Release|iPhone.Build.0 = Release|Any CPU
		{00CC9D75-924A-4774-825A-C2E55A63FCC4}.Release|iPhoneSimulator.ActiveCfg = Release|Any CPU
		{00CC9D75-924A-4774-825A-C2E55A63FCC4}.Release|iPhoneSimulator.Build.0 = Release|Any CPU
		{00CC9D75-924A-4774-825A-C2E55A63FCC4}.Wasm|Any CPU.ActiveCfg = Debug|Any CPU
		{00CC9D75-924A-4774-825A-C2E55A63FCC4}.Wasm|Any CPU.Build.0 = Debug|Any CPU
		{00CC9D75-924A-4774-825A-C2E55A63FCC4}.Wasm|iPhone.ActiveCfg = Debug|Any CPU
		{00CC9D75-924A-4774-825A-C2E55A63FCC4}.Wasm|iPhone.Build.0 = Debug|Any CPU
		{00CC9D75-924A-4774-825A-C2E55A63FCC4}.Wasm|iPhoneSimulator.ActiveCfg = Debug|Any CPU
		{00CC9D75-924A-4774-825A-C2E55A63FCC4}.Wasm|iPhoneSimulator.Build.0 = Debug|Any CPU
		{13189BED-8F29-4740-9673-B1ED1BDC5A99}.Debug|Any CPU.ActiveCfg = Debug|Any CPU
		{13189BED-8F29-4740-9673-B1ED1BDC5A99}.Debug|Any CPU.Build.0 = Debug|Any CPU
		{13189BED-8F29-4740-9673-B1ED1BDC5A99}.Debug|iPhone.ActiveCfg = Debug|Any CPU
		{13189BED-8F29-4740-9673-B1ED1BDC5A99}.Debug|iPhone.Build.0 = Debug|Any CPU
		{13189BED-8F29-4740-9673-B1ED1BDC5A99}.Debug|iPhoneSimulator.ActiveCfg = Debug|Any CPU
		{13189BED-8F29-4740-9673-B1ED1BDC5A99}.Debug|iPhoneSimulator.Build.0 = Debug|Any CPU
		{13189BED-8F29-4740-9673-B1ED1BDC5A99}.Release|Any CPU.ActiveCfg = Release|Any CPU
		{13189BED-8F29-4740-9673-B1ED1BDC5A99}.Release|Any CPU.Build.0 = Release|Any CPU
		{13189BED-8F29-4740-9673-B1ED1BDC5A99}.Release|iPhone.ActiveCfg = Release|Any CPU
		{13189BED-8F29-4740-9673-B1ED1BDC5A99}.Release|iPhone.Build.0 = Release|Any CPU
		{13189BED-8F29-4740-9673-B1ED1BDC5A99}.Release|iPhoneSimulator.ActiveCfg = Release|Any CPU
		{13189BED-8F29-4740-9673-B1ED1BDC5A99}.Release|iPhoneSimulator.Build.0 = Release|Any CPU
		{13189BED-8F29-4740-9673-B1ED1BDC5A99}.Wasm|Any CPU.ActiveCfg = Debug|Any CPU
		{13189BED-8F29-4740-9673-B1ED1BDC5A99}.Wasm|Any CPU.Build.0 = Debug|Any CPU
		{13189BED-8F29-4740-9673-B1ED1BDC5A99}.Wasm|iPhone.ActiveCfg = Debug|Any CPU
		{13189BED-8F29-4740-9673-B1ED1BDC5A99}.Wasm|iPhone.Build.0 = Debug|Any CPU
		{13189BED-8F29-4740-9673-B1ED1BDC5A99}.Wasm|iPhoneSimulator.ActiveCfg = Debug|Any CPU
		{13189BED-8F29-4740-9673-B1ED1BDC5A99}.Wasm|iPhoneSimulator.Build.0 = Debug|Any CPU
		{9FD56C83-318A-40E8-BF49-E05994A56A02}.Debug|Any CPU.ActiveCfg = Debug|Any CPU
		{9FD56C83-318A-40E8-BF49-E05994A56A02}.Debug|Any CPU.Build.0 = Debug|Any CPU
		{9FD56C83-318A-40E8-BF49-E05994A56A02}.Debug|iPhone.ActiveCfg = Debug|Any CPU
		{9FD56C83-318A-40E8-BF49-E05994A56A02}.Debug|iPhone.Build.0 = Debug|Any CPU
		{9FD56C83-318A-40E8-BF49-E05994A56A02}.Debug|iPhoneSimulator.ActiveCfg = Debug|Any CPU
		{9FD56C83-318A-40E8-BF49-E05994A56A02}.Debug|iPhoneSimulator.Build.0 = Debug|Any CPU
		{9FD56C83-318A-40E8-BF49-E05994A56A02}.Release|Any CPU.ActiveCfg = Release|Any CPU
		{9FD56C83-318A-40E8-BF49-E05994A56A02}.Release|Any CPU.Build.0 = Release|Any CPU
		{9FD56C83-318A-40E8-BF49-E05994A56A02}.Release|iPhone.ActiveCfg = Release|Any CPU
		{9FD56C83-318A-40E8-BF49-E05994A56A02}.Release|iPhone.Build.0 = Release|Any CPU
		{9FD56C83-318A-40E8-BF49-E05994A56A02}.Release|iPhoneSimulator.ActiveCfg = Release|Any CPU
		{9FD56C83-318A-40E8-BF49-E05994A56A02}.Release|iPhoneSimulator.Build.0 = Release|Any CPU
		{9FD56C83-318A-40E8-BF49-E05994A56A02}.Wasm|Any CPU.ActiveCfg = Debug|Any CPU
		{9FD56C83-318A-40E8-BF49-E05994A56A02}.Wasm|Any CPU.Build.0 = Debug|Any CPU
		{9FD56C83-318A-40E8-BF49-E05994A56A02}.Wasm|iPhone.ActiveCfg = Debug|Any CPU
		{9FD56C83-318A-40E8-BF49-E05994A56A02}.Wasm|iPhone.Build.0 = Debug|Any CPU
		{9FD56C83-318A-40E8-BF49-E05994A56A02}.Wasm|iPhoneSimulator.ActiveCfg = Debug|Any CPU
		{9FD56C83-318A-40E8-BF49-E05994A56A02}.Wasm|iPhoneSimulator.Build.0 = Debug|Any CPU
		{76915D55-2CEE-4466-809F-BCFCD2D31708}.Debug|Any CPU.ActiveCfg = Debug|Any CPU
		{76915D55-2CEE-4466-809F-BCFCD2D31708}.Debug|Any CPU.Build.0 = Debug|Any CPU
		{76915D55-2CEE-4466-809F-BCFCD2D31708}.Debug|iPhone.ActiveCfg = Debug|Any CPU
		{76915D55-2CEE-4466-809F-BCFCD2D31708}.Debug|iPhone.Build.0 = Debug|Any CPU
		{76915D55-2CEE-4466-809F-BCFCD2D31708}.Debug|iPhoneSimulator.ActiveCfg = Debug|Any CPU
		{76915D55-2CEE-4466-809F-BCFCD2D31708}.Debug|iPhoneSimulator.Build.0 = Debug|Any CPU
		{76915D55-2CEE-4466-809F-BCFCD2D31708}.Release|Any CPU.ActiveCfg = Release|Any CPU
		{76915D55-2CEE-4466-809F-BCFCD2D31708}.Release|Any CPU.Build.0 = Release|Any CPU
		{76915D55-2CEE-4466-809F-BCFCD2D31708}.Release|iPhone.ActiveCfg = Release|Any CPU
		{76915D55-2CEE-4466-809F-BCFCD2D31708}.Release|iPhone.Build.0 = Release|Any CPU
		{76915D55-2CEE-4466-809F-BCFCD2D31708}.Release|iPhoneSimulator.ActiveCfg = Release|Any CPU
		{76915D55-2CEE-4466-809F-BCFCD2D31708}.Release|iPhoneSimulator.Build.0 = Release|Any CPU
		{76915D55-2CEE-4466-809F-BCFCD2D31708}.Wasm|Any CPU.ActiveCfg = Debug|Any CPU
		{76915D55-2CEE-4466-809F-BCFCD2D31708}.Wasm|Any CPU.Build.0 = Debug|Any CPU
		{76915D55-2CEE-4466-809F-BCFCD2D31708}.Wasm|iPhone.ActiveCfg = Debug|Any CPU
		{76915D55-2CEE-4466-809F-BCFCD2D31708}.Wasm|iPhone.Build.0 = Debug|Any CPU
		{76915D55-2CEE-4466-809F-BCFCD2D31708}.Wasm|iPhoneSimulator.ActiveCfg = Debug|Any CPU
		{76915D55-2CEE-4466-809F-BCFCD2D31708}.Wasm|iPhoneSimulator.Build.0 = Debug|Any CPU
		{D0AE41A0-5664-4377-9C8B-792A2D0C58D9}.Debug|Any CPU.ActiveCfg = Debug|Any CPU
		{D0AE41A0-5664-4377-9C8B-792A2D0C58D9}.Debug|Any CPU.Build.0 = Debug|Any CPU
		{D0AE41A0-5664-4377-9C8B-792A2D0C58D9}.Debug|iPhone.ActiveCfg = Debug|Any CPU
		{D0AE41A0-5664-4377-9C8B-792A2D0C58D9}.Debug|iPhone.Build.0 = Debug|Any CPU
		{D0AE41A0-5664-4377-9C8B-792A2D0C58D9}.Debug|iPhoneSimulator.ActiveCfg = Debug|Any CPU
		{D0AE41A0-5664-4377-9C8B-792A2D0C58D9}.Debug|iPhoneSimulator.Build.0 = Debug|Any CPU
		{D0AE41A0-5664-4377-9C8B-792A2D0C58D9}.Release|Any CPU.ActiveCfg = Release|Any CPU
		{D0AE41A0-5664-4377-9C8B-792A2D0C58D9}.Release|Any CPU.Build.0 = Release|Any CPU
		{D0AE41A0-5664-4377-9C8B-792A2D0C58D9}.Release|iPhone.ActiveCfg = Release|Any CPU
		{D0AE41A0-5664-4377-9C8B-792A2D0C58D9}.Release|iPhone.Build.0 = Release|Any CPU
		{D0AE41A0-5664-4377-9C8B-792A2D0C58D9}.Release|iPhoneSimulator.ActiveCfg = Release|Any CPU
		{D0AE41A0-5664-4377-9C8B-792A2D0C58D9}.Release|iPhoneSimulator.Build.0 = Release|Any CPU
		{D0AE41A0-5664-4377-9C8B-792A2D0C58D9}.Wasm|Any CPU.ActiveCfg = Debug|Any CPU
		{D0AE41A0-5664-4377-9C8B-792A2D0C58D9}.Wasm|Any CPU.Build.0 = Debug|Any CPU
		{D0AE41A0-5664-4377-9C8B-792A2D0C58D9}.Wasm|iPhone.ActiveCfg = Debug|Any CPU
		{D0AE41A0-5664-4377-9C8B-792A2D0C58D9}.Wasm|iPhone.Build.0 = Debug|Any CPU
		{D0AE41A0-5664-4377-9C8B-792A2D0C58D9}.Wasm|iPhoneSimulator.ActiveCfg = Debug|Any CPU
		{D0AE41A0-5664-4377-9C8B-792A2D0C58D9}.Wasm|iPhoneSimulator.Build.0 = Debug|Any CPU
		{1AEE57B4-3728-4E64-ADF7-9D5025F3F3C7}.Debug|Any CPU.ActiveCfg = Debug|Any CPU
		{1AEE57B4-3728-4E64-ADF7-9D5025F3F3C7}.Debug|Any CPU.Build.0 = Debug|Any CPU
		{1AEE57B4-3728-4E64-ADF7-9D5025F3F3C7}.Debug|iPhone.ActiveCfg = Debug|Any CPU
		{1AEE57B4-3728-4E64-ADF7-9D5025F3F3C7}.Debug|iPhone.Build.0 = Debug|Any CPU
		{1AEE57B4-3728-4E64-ADF7-9D5025F3F3C7}.Debug|iPhoneSimulator.ActiveCfg = Debug|Any CPU
		{1AEE57B4-3728-4E64-ADF7-9D5025F3F3C7}.Debug|iPhoneSimulator.Build.0 = Debug|Any CPU
		{1AEE57B4-3728-4E64-ADF7-9D5025F3F3C7}.Release|Any CPU.ActiveCfg = Release|Any CPU
		{1AEE57B4-3728-4E64-ADF7-9D5025F3F3C7}.Release|Any CPU.Build.0 = Release|Any CPU
		{1AEE57B4-3728-4E64-ADF7-9D5025F3F3C7}.Release|iPhone.ActiveCfg = Release|Any CPU
		{1AEE57B4-3728-4E64-ADF7-9D5025F3F3C7}.Release|iPhone.Build.0 = Release|Any CPU
		{1AEE57B4-3728-4E64-ADF7-9D5025F3F3C7}.Release|iPhoneSimulator.ActiveCfg = Release|Any CPU
		{1AEE57B4-3728-4E64-ADF7-9D5025F3F3C7}.Release|iPhoneSimulator.Build.0 = Release|Any CPU
		{1AEE57B4-3728-4E64-ADF7-9D5025F3F3C7}.Wasm|Any CPU.ActiveCfg = Debug|Any CPU
		{1AEE57B4-3728-4E64-ADF7-9D5025F3F3C7}.Wasm|Any CPU.Build.0 = Debug|Any CPU
		{1AEE57B4-3728-4E64-ADF7-9D5025F3F3C7}.Wasm|iPhone.ActiveCfg = Debug|Any CPU
		{1AEE57B4-3728-4E64-ADF7-9D5025F3F3C7}.Wasm|iPhone.Build.0 = Debug|Any CPU
		{1AEE57B4-3728-4E64-ADF7-9D5025F3F3C7}.Wasm|iPhoneSimulator.ActiveCfg = Debug|Any CPU
		{1AEE57B4-3728-4E64-ADF7-9D5025F3F3C7}.Wasm|iPhoneSimulator.Build.0 = Debug|Any CPU
		{D71B5DE7-14FA-4D4A-B473-17AB7FEE605E}.Debug|Any CPU.ActiveCfg = Debug|Any CPU
		{D71B5DE7-14FA-4D4A-B473-17AB7FEE605E}.Debug|Any CPU.Build.0 = Debug|Any CPU
		{D71B5DE7-14FA-4D4A-B473-17AB7FEE605E}.Debug|iPhone.ActiveCfg = Debug|Any CPU
		{D71B5DE7-14FA-4D4A-B473-17AB7FEE605E}.Debug|iPhone.Build.0 = Debug|Any CPU
		{D71B5DE7-14FA-4D4A-B473-17AB7FEE605E}.Debug|iPhoneSimulator.ActiveCfg = Debug|Any CPU
		{D71B5DE7-14FA-4D4A-B473-17AB7FEE605E}.Debug|iPhoneSimulator.Build.0 = Debug|Any CPU
		{D71B5DE7-14FA-4D4A-B473-17AB7FEE605E}.Release|Any CPU.ActiveCfg = Release|Any CPU
		{D71B5DE7-14FA-4D4A-B473-17AB7FEE605E}.Release|Any CPU.Build.0 = Release|Any CPU
		{D71B5DE7-14FA-4D4A-B473-17AB7FEE605E}.Release|iPhone.ActiveCfg = Release|Any CPU
		{D71B5DE7-14FA-4D4A-B473-17AB7FEE605E}.Release|iPhone.Build.0 = Release|Any CPU
		{D71B5DE7-14FA-4D4A-B473-17AB7FEE605E}.Release|iPhoneSimulator.ActiveCfg = Release|Any CPU
		{D71B5DE7-14FA-4D4A-B473-17AB7FEE605E}.Release|iPhoneSimulator.Build.0 = Release|Any CPU
		{D71B5DE7-14FA-4D4A-B473-17AB7FEE605E}.Wasm|Any CPU.ActiveCfg = Debug|Any CPU
		{D71B5DE7-14FA-4D4A-B473-17AB7FEE605E}.Wasm|Any CPU.Build.0 = Debug|Any CPU
		{D71B5DE7-14FA-4D4A-B473-17AB7FEE605E}.Wasm|iPhone.ActiveCfg = Debug|Any CPU
		{D71B5DE7-14FA-4D4A-B473-17AB7FEE605E}.Wasm|iPhone.Build.0 = Debug|Any CPU
		{D71B5DE7-14FA-4D4A-B473-17AB7FEE605E}.Wasm|iPhoneSimulator.ActiveCfg = Debug|Any CPU
		{D71B5DE7-14FA-4D4A-B473-17AB7FEE605E}.Wasm|iPhoneSimulator.Build.0 = Debug|Any CPU
		{8C3986C7-2007-4BD6-B0EF-3B59DAE13FD2}.Debug|Any CPU.ActiveCfg = Debug|Any CPU
		{8C3986C7-2007-4BD6-B0EF-3B59DAE13FD2}.Debug|Any CPU.Build.0 = Debug|Any CPU
		{8C3986C7-2007-4BD6-B0EF-3B59DAE13FD2}.Debug|iPhone.ActiveCfg = Debug|Any CPU
		{8C3986C7-2007-4BD6-B0EF-3B59DAE13FD2}.Debug|iPhone.Build.0 = Debug|Any CPU
		{8C3986C7-2007-4BD6-B0EF-3B59DAE13FD2}.Debug|iPhoneSimulator.ActiveCfg = Debug|Any CPU
		{8C3986C7-2007-4BD6-B0EF-3B59DAE13FD2}.Debug|iPhoneSimulator.Build.0 = Debug|Any CPU
		{8C3986C7-2007-4BD6-B0EF-3B59DAE13FD2}.Release|Any CPU.ActiveCfg = Release|Any CPU
		{8C3986C7-2007-4BD6-B0EF-3B59DAE13FD2}.Release|Any CPU.Build.0 = Release|Any CPU
		{8C3986C7-2007-4BD6-B0EF-3B59DAE13FD2}.Release|iPhone.ActiveCfg = Release|Any CPU
		{8C3986C7-2007-4BD6-B0EF-3B59DAE13FD2}.Release|iPhone.Build.0 = Release|Any CPU
		{8C3986C7-2007-4BD6-B0EF-3B59DAE13FD2}.Release|iPhoneSimulator.ActiveCfg = Release|Any CPU
		{8C3986C7-2007-4BD6-B0EF-3B59DAE13FD2}.Release|iPhoneSimulator.Build.0 = Release|Any CPU
		{8C3986C7-2007-4BD6-B0EF-3B59DAE13FD2}.Wasm|Any CPU.ActiveCfg = Debug|Any CPU
		{8C3986C7-2007-4BD6-B0EF-3B59DAE13FD2}.Wasm|Any CPU.Build.0 = Debug|Any CPU
		{8C3986C7-2007-4BD6-B0EF-3B59DAE13FD2}.Wasm|iPhone.ActiveCfg = Debug|Any CPU
		{8C3986C7-2007-4BD6-B0EF-3B59DAE13FD2}.Wasm|iPhone.Build.0 = Debug|Any CPU
		{8C3986C7-2007-4BD6-B0EF-3B59DAE13FD2}.Wasm|iPhoneSimulator.ActiveCfg = Debug|Any CPU
		{8C3986C7-2007-4BD6-B0EF-3B59DAE13FD2}.Wasm|iPhoneSimulator.Build.0 = Debug|Any CPU
		{2685CA44-CE4B-43F0-AB50-096085072572}.Debug|Any CPU.ActiveCfg = Debug|Any CPU
		{2685CA44-CE4B-43F0-AB50-096085072572}.Debug|Any CPU.Build.0 = Debug|Any CPU
		{2685CA44-CE4B-43F0-AB50-096085072572}.Debug|iPhone.ActiveCfg = Debug|Any CPU
		{2685CA44-CE4B-43F0-AB50-096085072572}.Debug|iPhone.Build.0 = Debug|Any CPU
		{2685CA44-CE4B-43F0-AB50-096085072572}.Debug|iPhoneSimulator.ActiveCfg = Debug|Any CPU
		{2685CA44-CE4B-43F0-AB50-096085072572}.Debug|iPhoneSimulator.Build.0 = Debug|Any CPU
		{2685CA44-CE4B-43F0-AB50-096085072572}.Release|Any CPU.ActiveCfg = Release|Any CPU
		{2685CA44-CE4B-43F0-AB50-096085072572}.Release|Any CPU.Build.0 = Release|Any CPU
		{2685CA44-CE4B-43F0-AB50-096085072572}.Release|iPhone.ActiveCfg = Release|Any CPU
		{2685CA44-CE4B-43F0-AB50-096085072572}.Release|iPhone.Build.0 = Release|Any CPU
		{2685CA44-CE4B-43F0-AB50-096085072572}.Release|iPhoneSimulator.ActiveCfg = Release|Any CPU
		{2685CA44-CE4B-43F0-AB50-096085072572}.Release|iPhoneSimulator.Build.0 = Release|Any CPU
		{2685CA44-CE4B-43F0-AB50-096085072572}.Wasm|Any CPU.ActiveCfg = Debug|Any CPU
		{2685CA44-CE4B-43F0-AB50-096085072572}.Wasm|Any CPU.Build.0 = Debug|Any CPU
		{2685CA44-CE4B-43F0-AB50-096085072572}.Wasm|iPhone.ActiveCfg = Debug|Any CPU
		{2685CA44-CE4B-43F0-AB50-096085072572}.Wasm|iPhone.Build.0 = Debug|Any CPU
		{2685CA44-CE4B-43F0-AB50-096085072572}.Wasm|iPhoneSimulator.ActiveCfg = Debug|Any CPU
		{2685CA44-CE4B-43F0-AB50-096085072572}.Wasm|iPhoneSimulator.Build.0 = Debug|Any CPU
		{23E41106-D18E-451F-ADC7-7AC5DB81A81E}.Debug|Any CPU.ActiveCfg = Debug|Any CPU
		{23E41106-D18E-451F-ADC7-7AC5DB81A81E}.Debug|Any CPU.Build.0 = Debug|Any CPU
		{23E41106-D18E-451F-ADC7-7AC5DB81A81E}.Debug|iPhone.ActiveCfg = Debug|Any CPU
		{23E41106-D18E-451F-ADC7-7AC5DB81A81E}.Debug|iPhone.Build.0 = Debug|Any CPU
		{23E41106-D18E-451F-ADC7-7AC5DB81A81E}.Debug|iPhoneSimulator.ActiveCfg = Debug|Any CPU
		{23E41106-D18E-451F-ADC7-7AC5DB81A81E}.Debug|iPhoneSimulator.Build.0 = Debug|Any CPU
		{23E41106-D18E-451F-ADC7-7AC5DB81A81E}.Release|Any CPU.ActiveCfg = Release|Any CPU
		{23E41106-D18E-451F-ADC7-7AC5DB81A81E}.Release|Any CPU.Build.0 = Release|Any CPU
		{23E41106-D18E-451F-ADC7-7AC5DB81A81E}.Release|iPhone.ActiveCfg = Release|Any CPU
		{23E41106-D18E-451F-ADC7-7AC5DB81A81E}.Release|iPhone.Build.0 = Release|Any CPU
		{23E41106-D18E-451F-ADC7-7AC5DB81A81E}.Release|iPhoneSimulator.ActiveCfg = Release|Any CPU
		{23E41106-D18E-451F-ADC7-7AC5DB81A81E}.Release|iPhoneSimulator.Build.0 = Release|Any CPU
		{23E41106-D18E-451F-ADC7-7AC5DB81A81E}.Wasm|Any CPU.ActiveCfg = Debug|Any CPU
		{23E41106-D18E-451F-ADC7-7AC5DB81A81E}.Wasm|Any CPU.Build.0 = Debug|Any CPU
		{23E41106-D18E-451F-ADC7-7AC5DB81A81E}.Wasm|iPhone.ActiveCfg = Debug|Any CPU
		{23E41106-D18E-451F-ADC7-7AC5DB81A81E}.Wasm|iPhone.Build.0 = Debug|Any CPU
		{23E41106-D18E-451F-ADC7-7AC5DB81A81E}.Wasm|iPhoneSimulator.ActiveCfg = Debug|Any CPU
		{23E41106-D18E-451F-ADC7-7AC5DB81A81E}.Wasm|iPhoneSimulator.Build.0 = Debug|Any CPU
		{86E4D9E0-7465-4C67-8A93-FFDFD83BEEFA}.Debug|Any CPU.ActiveCfg = Debug|Any CPU
		{86E4D9E0-7465-4C67-8A93-FFDFD83BEEFA}.Debug|Any CPU.Build.0 = Debug|Any CPU
		{86E4D9E0-7465-4C67-8A93-FFDFD83BEEFA}.Debug|iPhone.ActiveCfg = Debug|Any CPU
		{86E4D9E0-7465-4C67-8A93-FFDFD83BEEFA}.Debug|iPhone.Build.0 = Debug|Any CPU
		{86E4D9E0-7465-4C67-8A93-FFDFD83BEEFA}.Debug|iPhoneSimulator.ActiveCfg = Debug|Any CPU
		{86E4D9E0-7465-4C67-8A93-FFDFD83BEEFA}.Debug|iPhoneSimulator.Build.0 = Debug|Any CPU
		{86E4D9E0-7465-4C67-8A93-FFDFD83BEEFA}.Release|Any CPU.ActiveCfg = Release|Any CPU
		{86E4D9E0-7465-4C67-8A93-FFDFD83BEEFA}.Release|Any CPU.Build.0 = Release|Any CPU
		{86E4D9E0-7465-4C67-8A93-FFDFD83BEEFA}.Release|iPhone.ActiveCfg = Release|Any CPU
		{86E4D9E0-7465-4C67-8A93-FFDFD83BEEFA}.Release|iPhone.Build.0 = Release|Any CPU
		{86E4D9E0-7465-4C67-8A93-FFDFD83BEEFA}.Release|iPhoneSimulator.ActiveCfg = Release|Any CPU
		{86E4D9E0-7465-4C67-8A93-FFDFD83BEEFA}.Release|iPhoneSimulator.Build.0 = Release|Any CPU
		{86E4D9E0-7465-4C67-8A93-FFDFD83BEEFA}.Wasm|Any CPU.ActiveCfg = Debug|Any CPU
		{86E4D9E0-7465-4C67-8A93-FFDFD83BEEFA}.Wasm|Any CPU.Build.0 = Debug|Any CPU
		{86E4D9E0-7465-4C67-8A93-FFDFD83BEEFA}.Wasm|iPhone.ActiveCfg = Debug|Any CPU
		{86E4D9E0-7465-4C67-8A93-FFDFD83BEEFA}.Wasm|iPhone.Build.0 = Debug|Any CPU
		{86E4D9E0-7465-4C67-8A93-FFDFD83BEEFA}.Wasm|iPhoneSimulator.ActiveCfg = Debug|Any CPU
		{86E4D9E0-7465-4C67-8A93-FFDFD83BEEFA}.Wasm|iPhoneSimulator.Build.0 = Debug|Any CPU
		{20DF9A11-980A-49E4-B632-57F5D6B14877}.Debug|Any CPU.ActiveCfg = Debug|Any CPU
		{20DF9A11-980A-49E4-B632-57F5D6B14877}.Debug|Any CPU.Build.0 = Debug|Any CPU
		{20DF9A11-980A-49E4-B632-57F5D6B14877}.Debug|iPhone.ActiveCfg = Debug|Any CPU
		{20DF9A11-980A-49E4-B632-57F5D6B14877}.Debug|iPhone.Build.0 = Debug|Any CPU
		{20DF9A11-980A-49E4-B632-57F5D6B14877}.Debug|iPhoneSimulator.ActiveCfg = Debug|Any CPU
		{20DF9A11-980A-49E4-B632-57F5D6B14877}.Debug|iPhoneSimulator.Build.0 = Debug|Any CPU
		{20DF9A11-980A-49E4-B632-57F5D6B14877}.Release|Any CPU.ActiveCfg = Release|Any CPU
		{20DF9A11-980A-49E4-B632-57F5D6B14877}.Release|Any CPU.Build.0 = Release|Any CPU
		{20DF9A11-980A-49E4-B632-57F5D6B14877}.Release|iPhone.ActiveCfg = Release|Any CPU
		{20DF9A11-980A-49E4-B632-57F5D6B14877}.Release|iPhone.Build.0 = Release|Any CPU
		{20DF9A11-980A-49E4-B632-57F5D6B14877}.Release|iPhoneSimulator.ActiveCfg = Release|Any CPU
		{20DF9A11-980A-49E4-B632-57F5D6B14877}.Release|iPhoneSimulator.Build.0 = Release|Any CPU
		{20DF9A11-980A-49E4-B632-57F5D6B14877}.Wasm|Any CPU.ActiveCfg = Debug|Any CPU
		{20DF9A11-980A-49E4-B632-57F5D6B14877}.Wasm|Any CPU.Build.0 = Debug|Any CPU
		{20DF9A11-980A-49E4-B632-57F5D6B14877}.Wasm|iPhone.ActiveCfg = Debug|Any CPU
		{20DF9A11-980A-49E4-B632-57F5D6B14877}.Wasm|iPhone.Build.0 = Debug|Any CPU
		{20DF9A11-980A-49E4-B632-57F5D6B14877}.Wasm|iPhoneSimulator.ActiveCfg = Debug|Any CPU
		{20DF9A11-980A-49E4-B632-57F5D6B14877}.Wasm|iPhoneSimulator.Build.0 = Debug|Any CPU
		{F035F8C7-ECA8-46C0-8B5A-6127C3300287}.Debug|Any CPU.ActiveCfg = Debug|Any CPU
		{F035F8C7-ECA8-46C0-8B5A-6127C3300287}.Debug|Any CPU.Build.0 = Debug|Any CPU
		{F035F8C7-ECA8-46C0-8B5A-6127C3300287}.Debug|iPhone.ActiveCfg = Debug|Any CPU
		{F035F8C7-ECA8-46C0-8B5A-6127C3300287}.Debug|iPhone.Build.0 = Debug|Any CPU
		{F035F8C7-ECA8-46C0-8B5A-6127C3300287}.Debug|iPhoneSimulator.ActiveCfg = Debug|Any CPU
		{F035F8C7-ECA8-46C0-8B5A-6127C3300287}.Debug|iPhoneSimulator.Build.0 = Debug|Any CPU
		{F035F8C7-ECA8-46C0-8B5A-6127C3300287}.Release|Any CPU.ActiveCfg = Release|Any CPU
		{F035F8C7-ECA8-46C0-8B5A-6127C3300287}.Release|Any CPU.Build.0 = Release|Any CPU
		{F035F8C7-ECA8-46C0-8B5A-6127C3300287}.Release|iPhone.ActiveCfg = Release|Any CPU
		{F035F8C7-ECA8-46C0-8B5A-6127C3300287}.Release|iPhone.Build.0 = Release|Any CPU
		{F035F8C7-ECA8-46C0-8B5A-6127C3300287}.Release|iPhoneSimulator.ActiveCfg = Release|Any CPU
		{F035F8C7-ECA8-46C0-8B5A-6127C3300287}.Release|iPhoneSimulator.Build.0 = Release|Any CPU
		{F035F8C7-ECA8-46C0-8B5A-6127C3300287}.Wasm|Any CPU.ActiveCfg = Debug|Any CPU
		{F035F8C7-ECA8-46C0-8B5A-6127C3300287}.Wasm|Any CPU.Build.0 = Debug|Any CPU
		{F035F8C7-ECA8-46C0-8B5A-6127C3300287}.Wasm|iPhone.ActiveCfg = Debug|Any CPU
		{F035F8C7-ECA8-46C0-8B5A-6127C3300287}.Wasm|iPhone.Build.0 = Debug|Any CPU
		{F035F8C7-ECA8-46C0-8B5A-6127C3300287}.Wasm|iPhoneSimulator.ActiveCfg = Debug|Any CPU
		{F035F8C7-ECA8-46C0-8B5A-6127C3300287}.Wasm|iPhoneSimulator.Build.0 = Debug|Any CPU
		{699D2DA9-DC8F-496E-BC2E-096D559C8D14}.Debug|Any CPU.ActiveCfg = Debug|Any CPU
		{699D2DA9-DC8F-496E-BC2E-096D559C8D14}.Debug|Any CPU.Build.0 = Debug|Any CPU
		{699D2DA9-DC8F-496E-BC2E-096D559C8D14}.Debug|iPhone.ActiveCfg = Debug|Any CPU
		{699D2DA9-DC8F-496E-BC2E-096D559C8D14}.Debug|iPhone.Build.0 = Debug|Any CPU
		{699D2DA9-DC8F-496E-BC2E-096D559C8D14}.Debug|iPhoneSimulator.ActiveCfg = Debug|Any CPU
		{699D2DA9-DC8F-496E-BC2E-096D559C8D14}.Debug|iPhoneSimulator.Build.0 = Debug|Any CPU
		{699D2DA9-DC8F-496E-BC2E-096D559C8D14}.Release|Any CPU.ActiveCfg = Release|Any CPU
		{699D2DA9-DC8F-496E-BC2E-096D559C8D14}.Release|Any CPU.Build.0 = Release|Any CPU
		{699D2DA9-DC8F-496E-BC2E-096D559C8D14}.Release|iPhone.ActiveCfg = Release|Any CPU
		{699D2DA9-DC8F-496E-BC2E-096D559C8D14}.Release|iPhone.Build.0 = Release|Any CPU
		{699D2DA9-DC8F-496E-BC2E-096D559C8D14}.Release|iPhoneSimulator.ActiveCfg = Release|Any CPU
		{699D2DA9-DC8F-496E-BC2E-096D559C8D14}.Release|iPhoneSimulator.Build.0 = Release|Any CPU
		{699D2DA9-DC8F-496E-BC2E-096D559C8D14}.Wasm|Any CPU.ActiveCfg = Debug|Any CPU
		{699D2DA9-DC8F-496E-BC2E-096D559C8D14}.Wasm|Any CPU.Build.0 = Debug|Any CPU
		{699D2DA9-DC8F-496E-BC2E-096D559C8D14}.Wasm|iPhone.ActiveCfg = Debug|Any CPU
		{699D2DA9-DC8F-496E-BC2E-096D559C8D14}.Wasm|iPhone.Build.0 = Debug|Any CPU
		{699D2DA9-DC8F-496E-BC2E-096D559C8D14}.Wasm|iPhoneSimulator.ActiveCfg = Debug|Any CPU
		{699D2DA9-DC8F-496E-BC2E-096D559C8D14}.Wasm|iPhoneSimulator.Build.0 = Debug|Any CPU
		{56168D7F-B50D-47D2-ACB6-CDAD86164552}.Debug|Any CPU.ActiveCfg = Debug|Any CPU
		{56168D7F-B50D-47D2-ACB6-CDAD86164552}.Debug|Any CPU.Build.0 = Debug|Any CPU
		{56168D7F-B50D-47D2-ACB6-CDAD86164552}.Debug|iPhone.ActiveCfg = Debug|Any CPU
		{56168D7F-B50D-47D2-ACB6-CDAD86164552}.Debug|iPhone.Build.0 = Debug|Any CPU
		{56168D7F-B50D-47D2-ACB6-CDAD86164552}.Debug|iPhoneSimulator.ActiveCfg = Debug|Any CPU
		{56168D7F-B50D-47D2-ACB6-CDAD86164552}.Debug|iPhoneSimulator.Build.0 = Debug|Any CPU
		{56168D7F-B50D-47D2-ACB6-CDAD86164552}.Release|Any CPU.ActiveCfg = Release|Any CPU
		{56168D7F-B50D-47D2-ACB6-CDAD86164552}.Release|Any CPU.Build.0 = Release|Any CPU
		{56168D7F-B50D-47D2-ACB6-CDAD86164552}.Release|iPhone.ActiveCfg = Release|Any CPU
		{56168D7F-B50D-47D2-ACB6-CDAD86164552}.Release|iPhone.Build.0 = Release|Any CPU
		{56168D7F-B50D-47D2-ACB6-CDAD86164552}.Release|iPhoneSimulator.ActiveCfg = Release|Any CPU
		{56168D7F-B50D-47D2-ACB6-CDAD86164552}.Release|iPhoneSimulator.Build.0 = Release|Any CPU
		{56168D7F-B50D-47D2-ACB6-CDAD86164552}.Wasm|Any CPU.ActiveCfg = Debug|Any CPU
		{56168D7F-B50D-47D2-ACB6-CDAD86164552}.Wasm|Any CPU.Build.0 = Debug|Any CPU
		{56168D7F-B50D-47D2-ACB6-CDAD86164552}.Wasm|iPhone.ActiveCfg = Debug|Any CPU
		{56168D7F-B50D-47D2-ACB6-CDAD86164552}.Wasm|iPhone.Build.0 = Debug|Any CPU
		{56168D7F-B50D-47D2-ACB6-CDAD86164552}.Wasm|iPhoneSimulator.ActiveCfg = Debug|Any CPU
		{56168D7F-B50D-47D2-ACB6-CDAD86164552}.Wasm|iPhoneSimulator.Build.0 = Debug|Any CPU
		{DBDBAD2A-B3A6-4851-89E7-C3445A838804}.Debug|Any CPU.ActiveCfg = Debug|Any CPU
		{DBDBAD2A-B3A6-4851-89E7-C3445A838804}.Debug|Any CPU.Build.0 = Debug|Any CPU
		{DBDBAD2A-B3A6-4851-89E7-C3445A838804}.Debug|iPhone.ActiveCfg = Debug|Any CPU
		{DBDBAD2A-B3A6-4851-89E7-C3445A838804}.Debug|iPhone.Build.0 = Debug|Any CPU
		{DBDBAD2A-B3A6-4851-89E7-C3445A838804}.Debug|iPhoneSimulator.ActiveCfg = Debug|Any CPU
		{DBDBAD2A-B3A6-4851-89E7-C3445A838804}.Debug|iPhoneSimulator.Build.0 = Debug|Any CPU
		{DBDBAD2A-B3A6-4851-89E7-C3445A838804}.Release|Any CPU.ActiveCfg = Release|Any CPU
		{DBDBAD2A-B3A6-4851-89E7-C3445A838804}.Release|Any CPU.Build.0 = Release|Any CPU
		{DBDBAD2A-B3A6-4851-89E7-C3445A838804}.Release|iPhone.ActiveCfg = Release|Any CPU
		{DBDBAD2A-B3A6-4851-89E7-C3445A838804}.Release|iPhone.Build.0 = Release|Any CPU
		{DBDBAD2A-B3A6-4851-89E7-C3445A838804}.Release|iPhoneSimulator.ActiveCfg = Release|Any CPU
		{DBDBAD2A-B3A6-4851-89E7-C3445A838804}.Release|iPhoneSimulator.Build.0 = Release|Any CPU
		{DBDBAD2A-B3A6-4851-89E7-C3445A838804}.Wasm|Any CPU.ActiveCfg = Debug|Any CPU
		{DBDBAD2A-B3A6-4851-89E7-C3445A838804}.Wasm|Any CPU.Build.0 = Debug|Any CPU
		{DBDBAD2A-B3A6-4851-89E7-C3445A838804}.Wasm|iPhone.ActiveCfg = Debug|Any CPU
		{DBDBAD2A-B3A6-4851-89E7-C3445A838804}.Wasm|iPhone.Build.0 = Debug|Any CPU
		{DBDBAD2A-B3A6-4851-89E7-C3445A838804}.Wasm|iPhoneSimulator.ActiveCfg = Debug|Any CPU
		{DBDBAD2A-B3A6-4851-89E7-C3445A838804}.Wasm|iPhoneSimulator.Build.0 = Debug|Any CPU
		{C0CE38E4-EA62-459B-A07B-456E3CCECD42}.Debug|Any CPU.ActiveCfg = Debug|Any CPU
		{C0CE38E4-EA62-459B-A07B-456E3CCECD42}.Debug|Any CPU.Build.0 = Debug|Any CPU
		{C0CE38E4-EA62-459B-A07B-456E3CCECD42}.Debug|iPhone.ActiveCfg = Debug|Any CPU
		{C0CE38E4-EA62-459B-A07B-456E3CCECD42}.Debug|iPhone.Build.0 = Debug|Any CPU
		{C0CE38E4-EA62-459B-A07B-456E3CCECD42}.Debug|iPhoneSimulator.ActiveCfg = Debug|Any CPU
		{C0CE38E4-EA62-459B-A07B-456E3CCECD42}.Debug|iPhoneSimulator.Build.0 = Debug|Any CPU
		{C0CE38E4-EA62-459B-A07B-456E3CCECD42}.Release|Any CPU.ActiveCfg = Release|Any CPU
		{C0CE38E4-EA62-459B-A07B-456E3CCECD42}.Release|Any CPU.Build.0 = Release|Any CPU
		{C0CE38E4-EA62-459B-A07B-456E3CCECD42}.Release|iPhone.ActiveCfg = Release|Any CPU
		{C0CE38E4-EA62-459B-A07B-456E3CCECD42}.Release|iPhone.Build.0 = Release|Any CPU
		{C0CE38E4-EA62-459B-A07B-456E3CCECD42}.Release|iPhoneSimulator.ActiveCfg = Release|Any CPU
		{C0CE38E4-EA62-459B-A07B-456E3CCECD42}.Release|iPhoneSimulator.Build.0 = Release|Any CPU
		{C0CE38E4-EA62-459B-A07B-456E3CCECD42}.Wasm|Any CPU.ActiveCfg = Debug|Any CPU
		{C0CE38E4-EA62-459B-A07B-456E3CCECD42}.Wasm|Any CPU.Build.0 = Debug|Any CPU
		{C0CE38E4-EA62-459B-A07B-456E3CCECD42}.Wasm|iPhone.ActiveCfg = Debug|Any CPU
		{C0CE38E4-EA62-459B-A07B-456E3CCECD42}.Wasm|iPhone.Build.0 = Debug|Any CPU
		{C0CE38E4-EA62-459B-A07B-456E3CCECD42}.Wasm|iPhoneSimulator.ActiveCfg = Debug|Any CPU
		{C0CE38E4-EA62-459B-A07B-456E3CCECD42}.Wasm|iPhoneSimulator.Build.0 = Debug|Any CPU
		{85D2E13F-6D84-48F4-9C7B-92C80F03B0D0}.Debug|Any CPU.ActiveCfg = Debug|Any CPU
		{85D2E13F-6D84-48F4-9C7B-92C80F03B0D0}.Debug|Any CPU.Build.0 = Debug|Any CPU
		{85D2E13F-6D84-48F4-9C7B-92C80F03B0D0}.Debug|iPhone.ActiveCfg = Debug|Any CPU
		{85D2E13F-6D84-48F4-9C7B-92C80F03B0D0}.Debug|iPhone.Build.0 = Debug|Any CPU
		{85D2E13F-6D84-48F4-9C7B-92C80F03B0D0}.Debug|iPhoneSimulator.ActiveCfg = Debug|Any CPU
		{85D2E13F-6D84-48F4-9C7B-92C80F03B0D0}.Debug|iPhoneSimulator.Build.0 = Debug|Any CPU
		{85D2E13F-6D84-48F4-9C7B-92C80F03B0D0}.Release|Any CPU.ActiveCfg = Release|Any CPU
		{85D2E13F-6D84-48F4-9C7B-92C80F03B0D0}.Release|Any CPU.Build.0 = Release|Any CPU
		{85D2E13F-6D84-48F4-9C7B-92C80F03B0D0}.Release|iPhone.ActiveCfg = Release|Any CPU
		{85D2E13F-6D84-48F4-9C7B-92C80F03B0D0}.Release|iPhone.Build.0 = Release|Any CPU
		{85D2E13F-6D84-48F4-9C7B-92C80F03B0D0}.Release|iPhoneSimulator.ActiveCfg = Release|Any CPU
		{85D2E13F-6D84-48F4-9C7B-92C80F03B0D0}.Release|iPhoneSimulator.Build.0 = Release|Any CPU
		{85D2E13F-6D84-48F4-9C7B-92C80F03B0D0}.Wasm|Any CPU.ActiveCfg = Debug|Any CPU
		{85D2E13F-6D84-48F4-9C7B-92C80F03B0D0}.Wasm|Any CPU.Build.0 = Debug|Any CPU
		{85D2E13F-6D84-48F4-9C7B-92C80F03B0D0}.Wasm|iPhone.ActiveCfg = Debug|Any CPU
		{85D2E13F-6D84-48F4-9C7B-92C80F03B0D0}.Wasm|iPhone.Build.0 = Debug|Any CPU
		{85D2E13F-6D84-48F4-9C7B-92C80F03B0D0}.Wasm|iPhoneSimulator.ActiveCfg = Debug|Any CPU
		{85D2E13F-6D84-48F4-9C7B-92C80F03B0D0}.Wasm|iPhoneSimulator.Build.0 = Debug|Any CPU
		{635FFEE0-4467-403E-872E-22921664ABDC}.Debug|Any CPU.ActiveCfg = Debug|Any CPU
		{635FFEE0-4467-403E-872E-22921664ABDC}.Debug|Any CPU.Build.0 = Debug|Any CPU
		{635FFEE0-4467-403E-872E-22921664ABDC}.Debug|iPhone.ActiveCfg = Debug|Any CPU
		{635FFEE0-4467-403E-872E-22921664ABDC}.Debug|iPhone.Build.0 = Debug|Any CPU
		{635FFEE0-4467-403E-872E-22921664ABDC}.Debug|iPhoneSimulator.ActiveCfg = Debug|Any CPU
		{635FFEE0-4467-403E-872E-22921664ABDC}.Debug|iPhoneSimulator.Build.0 = Debug|Any CPU
		{635FFEE0-4467-403E-872E-22921664ABDC}.Release|Any CPU.ActiveCfg = Release|Any CPU
		{635FFEE0-4467-403E-872E-22921664ABDC}.Release|Any CPU.Build.0 = Release|Any CPU
		{635FFEE0-4467-403E-872E-22921664ABDC}.Release|iPhone.ActiveCfg = Release|Any CPU
		{635FFEE0-4467-403E-872E-22921664ABDC}.Release|iPhone.Build.0 = Release|Any CPU
		{635FFEE0-4467-403E-872E-22921664ABDC}.Release|iPhoneSimulator.ActiveCfg = Release|Any CPU
		{635FFEE0-4467-403E-872E-22921664ABDC}.Release|iPhoneSimulator.Build.0 = Release|Any CPU
		{635FFEE0-4467-403E-872E-22921664ABDC}.Wasm|Any CPU.ActiveCfg = Debug|Any CPU
		{635FFEE0-4467-403E-872E-22921664ABDC}.Wasm|Any CPU.Build.0 = Debug|Any CPU
		{635FFEE0-4467-403E-872E-22921664ABDC}.Wasm|iPhone.ActiveCfg = Debug|Any CPU
		{635FFEE0-4467-403E-872E-22921664ABDC}.Wasm|iPhone.Build.0 = Debug|Any CPU
		{635FFEE0-4467-403E-872E-22921664ABDC}.Wasm|iPhoneSimulator.ActiveCfg = Debug|Any CPU
		{635FFEE0-4467-403E-872E-22921664ABDC}.Wasm|iPhoneSimulator.Build.0 = Debug|Any CPU
		{B9E34451-D37A-4D25-A53D-852C9122C1F0}.Debug|Any CPU.ActiveCfg = Debug|Any CPU
		{B9E34451-D37A-4D25-A53D-852C9122C1F0}.Debug|Any CPU.Build.0 = Debug|Any CPU
		{B9E34451-D37A-4D25-A53D-852C9122C1F0}.Debug|iPhone.ActiveCfg = Debug|Any CPU
		{B9E34451-D37A-4D25-A53D-852C9122C1F0}.Debug|iPhone.Build.0 = Debug|Any CPU
		{B9E34451-D37A-4D25-A53D-852C9122C1F0}.Debug|iPhoneSimulator.ActiveCfg = Debug|Any CPU
		{B9E34451-D37A-4D25-A53D-852C9122C1F0}.Debug|iPhoneSimulator.Build.0 = Debug|Any CPU
		{B9E34451-D37A-4D25-A53D-852C9122C1F0}.Release|Any CPU.ActiveCfg = Release|Any CPU
		{B9E34451-D37A-4D25-A53D-852C9122C1F0}.Release|Any CPU.Build.0 = Release|Any CPU
		{B9E34451-D37A-4D25-A53D-852C9122C1F0}.Release|iPhone.ActiveCfg = Release|Any CPU
		{B9E34451-D37A-4D25-A53D-852C9122C1F0}.Release|iPhone.Build.0 = Release|Any CPU
		{B9E34451-D37A-4D25-A53D-852C9122C1F0}.Release|iPhoneSimulator.ActiveCfg = Release|Any CPU
		{B9E34451-D37A-4D25-A53D-852C9122C1F0}.Release|iPhoneSimulator.Build.0 = Release|Any CPU
		{B9E34451-D37A-4D25-A53D-852C9122C1F0}.Wasm|Any CPU.ActiveCfg = Debug|Any CPU
		{B9E34451-D37A-4D25-A53D-852C9122C1F0}.Wasm|Any CPU.Build.0 = Debug|Any CPU
		{B9E34451-D37A-4D25-A53D-852C9122C1F0}.Wasm|iPhone.ActiveCfg = Debug|Any CPU
		{B9E34451-D37A-4D25-A53D-852C9122C1F0}.Wasm|iPhone.Build.0 = Debug|Any CPU
		{B9E34451-D37A-4D25-A53D-852C9122C1F0}.Wasm|iPhoneSimulator.ActiveCfg = Debug|Any CPU
		{B9E34451-D37A-4D25-A53D-852C9122C1F0}.Wasm|iPhoneSimulator.Build.0 = Debug|Any CPU
	EndGlobalSection
	GlobalSection(SolutionProperties) = preSolution
		HideSolutionNode = FALSE
	EndGlobalSection
	GlobalSection(ExtensibilityGlobals) = postSolution
		SolutionGuid = {1D016F15-46FE-4726-8DFD-2E4FD4DC7668}
	EndGlobalSection
EndGlobal
